// !$*UTF8*$!
{
	archiveVersion = 1;
	classes = {
	};
	objectVersion = 46;
	objects = {

/* Begin PBXBuildFile section */
		1F4D9B86359709C52DC1ABDE /* libPods-ExampleStatic-iOS.a in Frameworks */ = {isa = PBXBuildFile; fileRef = 13352E1BAFF3BAE0C501E9E7 /* libPods-ExampleStatic-iOS.a */; };
		C71BFB6B1D3981B5006DBF18 /* AppDelegate.swift in Sources */ = {isa = PBXBuildFile; fileRef = C71BFB6A1D3981B5006DBF18 /* AppDelegate.swift */; };
		C71BFB6D1D3981B5006DBF18 /* ViewController.swift in Sources */ = {isa = PBXBuildFile; fileRef = C71BFB6C1D3981B5006DBF18 /* ViewController.swift */; };
		C71BFB701D3981B5006DBF18 /* Main.storyboard in Resources */ = {isa = PBXBuildFile; fileRef = C71BFB6E1D3981B5006DBF18 /* Main.storyboard */; };
		C71BFB721D3981B5006DBF18 /* Assets.xcassets in Resources */ = {isa = PBXBuildFile; fileRef = C71BFB711D3981B5006DBF18 /* Assets.xcassets */; };
		C71BFB751D3981B5006DBF18 /* LaunchScreen.storyboard in Resources */ = {isa = PBXBuildFile; fileRef = C71BFB731D3981B5006DBF18 /* LaunchScreen.storyboard */; };
/* End PBXBuildFile section */

/* Begin PBXFileReference section */
		11F59966EC99F6B40FD02CB1 /* Pods-ExampleStatic-iOS.debug.xcconfig */ = {isa = PBXFileReference; includeInIndex = 1; lastKnownFileType = text.xcconfig; name = "Pods-ExampleStatic-iOS.debug.xcconfig"; path = "Pods/Target Support Files/Pods-ExampleStatic-iOS/Pods-ExampleStatic-iOS.debug.xcconfig"; sourceTree = "<group>"; };
		13352E1BAFF3BAE0C501E9E7 /* libPods-ExampleStatic-iOS.a */ = {isa = PBXFileReference; explicitFileType = archive.ar; includeInIndex = 0; path = "libPods-ExampleStatic-iOS.a"; sourceTree = BUILT_PRODUCTS_DIR; };
		C71BFB671D3981B5006DBF18 /* ExampleStatic-iOS.app */ = {isa = PBXFileReference; explicitFileType = wrapper.application; includeInIndex = 0; path = "ExampleStatic-iOS.app"; sourceTree = BUILT_PRODUCTS_DIR; };
		C71BFB6A1D3981B5006DBF18 /* AppDelegate.swift */ = {isa = PBXFileReference; lastKnownFileType = sourcecode.swift; path = AppDelegate.swift; sourceTree = "<group>"; };
		C71BFB6C1D3981B5006DBF18 /* ViewController.swift */ = {isa = PBXFileReference; lastKnownFileType = sourcecode.swift; path = ViewController.swift; sourceTree = "<group>"; };
		C71BFB6F1D3981B5006DBF18 /* Base */ = {isa = PBXFileReference; lastKnownFileType = file.storyboard; name = Base; path = Base.lproj/Main.storyboard; sourceTree = "<group>"; };
		C71BFB711D3981B5006DBF18 /* Assets.xcassets */ = {isa = PBXFileReference; lastKnownFileType = folder.assetcatalog; path = Assets.xcassets; sourceTree = "<group>"; };
		C71BFB741D3981B5006DBF18 /* Base */ = {isa = PBXFileReference; lastKnownFileType = file.storyboard; name = Base; path = Base.lproj/LaunchScreen.storyboard; sourceTree = "<group>"; };
		C71BFB761D3981B5006DBF18 /* Info.plist */ = {isa = PBXFileReference; lastKnownFileType = text.plist.xml; path = Info.plist; sourceTree = "<group>"; };
		C71BFCD41D39896F006DBF18 /* ExampleStatic-iOS-Bridging-Header.h */ = {isa = PBXFileReference; lastKnownFileType = sourcecode.c.h; path = "ExampleStatic-iOS-Bridging-Header.h"; sourceTree = "<group>"; };
		F73598F486492E192EDE6B74 /* Pods-ExampleStatic-iOS.release.xcconfig */ = {isa = PBXFileReference; includeInIndex = 1; lastKnownFileType = text.xcconfig; name = "Pods-ExampleStatic-iOS.release.xcconfig"; path = "Pods/Target Support Files/Pods-ExampleStatic-iOS/Pods-ExampleStatic-iOS.release.xcconfig"; sourceTree = "<group>"; };
/* End PBXFileReference section */

/* Begin PBXFrameworksBuildPhase section */
		C71BFB641D3981B5006DBF18 /* Frameworks */ = {
			isa = PBXFrameworksBuildPhase;
			buildActionMask = 2147483647;
			files = (
				1F4D9B86359709C52DC1ABDE /* libPods-ExampleStatic-iOS.a in Frameworks */,
			);
			runOnlyForDeploymentPostprocessing = 0;
		};
/* End PBXFrameworksBuildPhase section */

/* Begin PBXGroup section */
		3ADA8D65CCC98D4913B64259 /* Pods */ = {
			isa = PBXGroup;
			children = (
				11F59966EC99F6B40FD02CB1 /* Pods-ExampleStatic-iOS.debug.xcconfig */,
				F73598F486492E192EDE6B74 /* Pods-ExampleStatic-iOS.release.xcconfig */,
			);
			name = Pods;
			sourceTree = "<group>";
		};
		74DC6B98F5857C0D109B57E3 /* Frameworks */ = {
			isa = PBXGroup;
			children = (
				13352E1BAFF3BAE0C501E9E7 /* libPods-ExampleStatic-iOS.a */,
			);
			name = Frameworks;
			sourceTree = "<group>";
		};
		C71BFB5E1D3981B5006DBF18 = {
			isa = PBXGroup;
			children = (
				C71BFB691D3981B5006DBF18 /* ExampleStatic-iOS */,
				C71BFB681D3981B5006DBF18 /* Products */,
				3ADA8D65CCC98D4913B64259 /* Pods */,
				74DC6B98F5857C0D109B57E3 /* Frameworks */,
			);
			sourceTree = "<group>";
		};
		C71BFB681D3981B5006DBF18 /* Products */ = {
			isa = PBXGroup;
			children = (
				C71BFB671D3981B5006DBF18 /* ExampleStatic-iOS.app */,
			);
			name = Products;
			sourceTree = "<group>";
		};
		C71BFB691D3981B5006DBF18 /* ExampleStatic-iOS */ = {
			isa = PBXGroup;
			children = (
				C71BFB6A1D3981B5006DBF18 /* AppDelegate.swift */,
				C71BFB6C1D3981B5006DBF18 /* ViewController.swift */,
				C71BFB6E1D3981B5006DBF18 /* Main.storyboard */,
				C71BFB711D3981B5006DBF18 /* Assets.xcassets */,
				C71BFB731D3981B5006DBF18 /* LaunchScreen.storyboard */,
				C71BFB761D3981B5006DBF18 /* Info.plist */,
				C71BFCD41D39896F006DBF18 /* ExampleStatic-iOS-Bridging-Header.h */,
			);
			path = "ExampleStatic-iOS";
			sourceTree = "<group>";
		};
/* End PBXGroup section */

/* Begin PBXNativeTarget section */
		C71BFB661D3981B5006DBF18 /* ExampleStatic-iOS */ = {
			isa = PBXNativeTarget;
			buildConfigurationList = C71BFB791D3981B5006DBF18 /* Build configuration list for PBXNativeTarget "ExampleStatic-iOS" */;
			buildPhases = (
				2E11E7CA673BBCC0079AAD4A /* [CP] Check Pods Manifest.lock */,
				C71BFB631D3981B5006DBF18 /* Sources */,
				C71BFB641D3981B5006DBF18 /* Frameworks */,
				C71BFB651D3981B5006DBF18 /* Resources */,
				79AE737A910F1EAB16F45391 /* [CP] Embed Pods Frameworks */,
				B21FF4CA39EA5986E49AD0D2 /* [CP] Copy Pods Resources */,
			);
			buildRules = (
			);
			dependencies = (
			);
			name = "ExampleStatic-iOS";
			productName = "ExampleStatic-iOS";
			productReference = C71BFB671D3981B5006DBF18 /* ExampleStatic-iOS.app */;
			productType = "com.apple.product-type.application";
		};
/* End PBXNativeTarget section */

/* Begin PBXProject section */
		C71BFB5F1D3981B5006DBF18 /* Project object */ = {
			isa = PBXProject;
			attributes = {
				LastSwiftUpdateCheck = 0730;
				LastUpgradeCheck = 0730;
				ORGANIZATIONNAME = krzyzanowskim;
				TargetAttributes = {
					C71BFB661D3981B5006DBF18 = {
						CreatedOnToolsVersion = 7.3.1;
					};
				};
			};
			buildConfigurationList = C71BFB621D3981B5006DBF18 /* Build configuration list for PBXProject "ExampleStatic-iOS" */;
			compatibilityVersion = "Xcode 3.2";
			developmentRegion = English;
			hasScannedForEncodings = 0;
			knownRegions = (
				en,
				Base,
			);
			mainGroup = C71BFB5E1D3981B5006DBF18;
			productRefGroup = C71BFB681D3981B5006DBF18 /* Products */;
			projectDirPath = "";
			projectRoot = "";
			targets = (
				C71BFB661D3981B5006DBF18 /* ExampleStatic-iOS */,
			);
		};
/* End PBXProject section */

/* Begin PBXResourcesBuildPhase section */
		C71BFB651D3981B5006DBF18 /* Resources */ = {
			isa = PBXResourcesBuildPhase;
			buildActionMask = 2147483647;
			files = (
				C71BFB751D3981B5006DBF18 /* LaunchScreen.storyboard in Resources */,
				C71BFB721D3981B5006DBF18 /* Assets.xcassets in Resources */,
				C71BFB701D3981B5006DBF18 /* Main.storyboard in Resources */,
			);
			runOnlyForDeploymentPostprocessing = 0;
		};
/* End PBXResourcesBuildPhase section */

/* Begin PBXShellScriptBuildPhase section */
		2E11E7CA673BBCC0079AAD4A /* [CP] Check Pods Manifest.lock */ = {
			isa = PBXShellScriptBuildPhase;
			buildActionMask = 2147483647;
			files = (
			);
			inputPaths = (
			);
			name = "[CP] Check Pods Manifest.lock";
			outputPaths = (
			);
			runOnlyForDeploymentPostprocessing = 0;
			shellPath = /bin/sh;
			shellScript = "diff \"${PODS_ROOT}/../Podfile.lock\" \"${PODS_ROOT}/Manifest.lock\" > /dev/null\nif [[ $? != 0 ]] ; then\n    cat << EOM\nerror: The sandbox is not in sync with the Podfile.lock. Run 'pod install' or update your CocoaPods installation.\nEOM\n    exit 1\nfi\n";
			showEnvVarsInLog = 0;
		};
		79AE737A910F1EAB16F45391 /* [CP] Embed Pods Frameworks */ = {
			isa = PBXShellScriptBuildPhase;
			buildActionMask = 2147483647;
			files = (
			);
			inputPaths = (
			);
			name = "[CP] Embed Pods Frameworks";
			outputPaths = (
			);
			runOnlyForDeploymentPostprocessing = 0;
			shellPath = /bin/sh;
			shellScript = "\"${SRCROOT}/Pods/Target Support Files/Pods-ExampleStatic-iOS/Pods-ExampleStatic-iOS-frameworks.sh\"\n";
			showEnvVarsInLog = 0;
		};
		B21FF4CA39EA5986E49AD0D2 /* [CP] Copy Pods Resources */ = {
			isa = PBXShellScriptBuildPhase;
			buildActionMask = 2147483647;
			files = (
			);
			inputPaths = (
			);
			name = "[CP] Copy Pods Resources";
			outputPaths = (
			);
			runOnlyForDeploymentPostprocessing = 0;
			shellPath = /bin/sh;
			shellScript = "\"${SRCROOT}/Pods/Target Support Files/Pods-ExampleStatic-iOS/Pods-ExampleStatic-iOS-resources.sh\"\n";
			showEnvVarsInLog = 0;
		};
/* End PBXShellScriptBuildPhase section */

/* Begin PBXSourcesBuildPhase section */
		C71BFB631D3981B5006DBF18 /* Sources */ = {
			isa = PBXSourcesBuildPhase;
			buildActionMask = 2147483647;
			files = (
				C71BFB6D1D3981B5006DBF18 /* ViewController.swift in Sources */,
				C71BFB6B1D3981B5006DBF18 /* AppDelegate.swift in Sources */,
			);
			runOnlyForDeploymentPostprocessing = 0;
		};
/* End PBXSourcesBuildPhase section */

/* Begin PBXVariantGroup section */
		C71BFB6E1D3981B5006DBF18 /* Main.storyboard */ = {
			isa = PBXVariantGroup;
			children = (
				C71BFB6F1D3981B5006DBF18 /* Base */,
			);
			name = Main.storyboard;
			sourceTree = "<group>";
		};
		C71BFB731D3981B5006DBF18 /* LaunchScreen.storyboard */ = {
			isa = PBXVariantGroup;
			children = (
				C71BFB741D3981B5006DBF18 /* Base */,
			);
			name = LaunchScreen.storyboard;
			sourceTree = "<group>";
		};
/* End PBXVariantGroup section */

/* Begin XCBuildConfiguration section */
		C71BFB771D3981B5006DBF18 /* Debug */ = {
			isa = XCBuildConfiguration;
			buildSettings = {
				ALWAYS_SEARCH_USER_PATHS = NO;
				CLANG_ANALYZER_NONNULL = YES;
				CLANG_CXX_LANGUAGE_STANDARD = "gnu++0x";
				CLANG_CXX_LIBRARY = "libc++";
				CLANG_ENABLE_MODULES = YES;
				CLANG_ENABLE_OBJC_ARC = YES;
				CLANG_WARN_BOOL_CONVERSION = YES;
				CLANG_WARN_CONSTANT_CONVERSION = YES;
				CLANG_WARN_DIRECT_OBJC_ISA_USAGE = YES_ERROR;
				CLANG_WARN_EMPTY_BODY = YES;
				CLANG_WARN_ENUM_CONVERSION = YES;
				CLANG_WARN_INT_CONVERSION = YES;
				CLANG_WARN_OBJC_ROOT_CLASS = YES_ERROR;
				CLANG_WARN_UNREACHABLE_CODE = YES;
				CLANG_WARN__DUPLICATE_METHOD_MATCH = YES;
				"CODE_SIGN_IDENTITY[sdk=iphoneos*]" = "iPhone Developer";
				COPY_PHASE_STRIP = NO;
				DEBUG_INFORMATION_FORMAT = dwarf;
				ENABLE_STRICT_OBJC_MSGSEND = YES;
				ENABLE_TESTABILITY = YES;
				GCC_C_LANGUAGE_STANDARD = gnu99;
				GCC_DYNAMIC_NO_PIC = NO;
				GCC_NO_COMMON_BLOCKS = YES;
				GCC_OPTIMIZATION_LEVEL = 0;
				GCC_PREPROCESSOR_DEFINITIONS = (
					"DEBUG=1",
					"$(inherited)",
				);
				GCC_WARN_64_TO_32_BIT_CONVERSION = YES;
				GCC_WARN_ABOUT_RETURN_TYPE = YES_ERROR;
				GCC_WARN_UNDECLARED_SELECTOR = YES;
				GCC_WARN_UNINITIALIZED_AUTOS = YES_AGGRESSIVE;
				GCC_WARN_UNUSED_FUNCTION = YES;
				GCC_WARN_UNUSED_VARIABLE = YES;
				IPHONEOS_DEPLOYMENT_TARGET = 9.3;
				MTL_ENABLE_DEBUG_INFO = YES;
				ONLY_ACTIVE_ARCH = YES;
				SDKROOT = iphoneos;
				SWIFT_OPTIMIZATION_LEVEL = "-Onone";
				TARGETED_DEVICE_FAMILY = "1,2";
			};
			name = Debug;
		};
		C71BFB781D3981B5006DBF18 /* Release */ = {
			isa = XCBuildConfiguration;
			buildSettings = {
				ALWAYS_SEARCH_USER_PATHS = NO;
				CLANG_ANALYZER_NONNULL = YES;
				CLANG_CXX_LANGUAGE_STANDARD = "gnu++0x";
				CLANG_CXX_LIBRARY = "libc++";
				CLANG_ENABLE_MODULES = YES;
				CLANG_ENABLE_OBJC_ARC = YES;
				CLANG_WARN_BOOL_CONVERSION = YES;
				CLANG_WARN_CONSTANT_CONVERSION = YES;
				CLANG_WARN_DIRECT_OBJC_ISA_USAGE = YES_ERROR;
				CLANG_WARN_EMPTY_BODY = YES;
				CLANG_WARN_ENUM_CONVERSION = YES;
				CLANG_WARN_INT_CONVERSION = YES;
				CLANG_WARN_OBJC_ROOT_CLASS = YES_ERROR;
				CLANG_WARN_UNREACHABLE_CODE = YES;
				CLANG_WARN__DUPLICATE_METHOD_MATCH = YES;
				"CODE_SIGN_IDENTITY[sdk=iphoneos*]" = "iPhone Developer";
				COPY_PHASE_STRIP = NO;
				DEBUG_INFORMATION_FORMAT = "dwarf-with-dsym";
				ENABLE_NS_ASSERTIONS = NO;
				ENABLE_STRICT_OBJC_MSGSEND = YES;
				GCC_C_LANGUAGE_STANDARD = gnu99;
				GCC_NO_COMMON_BLOCKS = YES;
				GCC_WARN_64_TO_32_BIT_CONVERSION = YES;
				GCC_WARN_ABOUT_RETURN_TYPE = YES_ERROR;
				GCC_WARN_UNDECLARED_SELECTOR = YES;
				GCC_WARN_UNINITIALIZED_AUTOS = YES_AGGRESSIVE;
				GCC_WARN_UNUSED_FUNCTION = YES;
				GCC_WARN_UNUSED_VARIABLE = YES;
				IPHONEOS_DEPLOYMENT_TARGET = 9.3;
				MTL_ENABLE_DEBUG_INFO = NO;
				SDKROOT = iphoneos;
				TARGETED_DEVICE_FAMILY = "1,2";
				VALIDATE_PRODUCT = YES;
			};
			name = Release;
		};
		C71BFB7A1D3981B5006DBF18 /* Debug */ = {
			isa = XCBuildConfiguration;
			baseConfigurationReference = 11F59966EC99F6B40FD02CB1 /* Pods-ExampleStatic-iOS.debug.xcconfig */;
			buildSettings = {
				ASSETCATALOG_COMPILER_APPICON_NAME = AppIcon;
				INFOPLIST_FILE = "ExampleStatic-iOS/Info.plist";
				LD_RUNPATH_SEARCH_PATHS = "$(inherited) @executable_path/Frameworks";
				PRODUCT_BUNDLE_IDENTIFIER = "com.krzyzanowskim.ExampleStatic-iOS";
				PRODUCT_NAME = "$(TARGET_NAME)";
				SWIFT_OBJC_BRIDGING_HEADER = "ExampleStatic-iOS/ExampleStatic-iOS-Bridging-Header.h";
			};
			name = Debug;
		};
		C71BFB7B1D3981B5006DBF18 /* Release */ = {
			isa = XCBuildConfiguration;
			baseConfigurationReference = F73598F486492E192EDE6B74 /* Pods-ExampleStatic-iOS.release.xcconfig */;
			buildSettings = {
				ASSETCATALOG_COMPILER_APPICON_NAME = AppIcon;
				INFOPLIST_FILE = "ExampleStatic-iOS/Info.plist";
				LD_RUNPATH_SEARCH_PATHS = "$(inherited) @executable_path/Frameworks";
				PRODUCT_BUNDLE_IDENTIFIER = "com.krzyzanowskim.ExampleStatic-iOS";
				PRODUCT_NAME = "$(TARGET_NAME)";
				SWIFT_OBJC_BRIDGING_HEADER = "ExampleStatic-iOS/ExampleStatic-iOS-Bridging-Header.h";
			};
			name = Release;
		};
/* End XCBuildConfiguration section */

/* Begin XCConfigurationList section */
		C71BFB621D3981B5006DBF18 /* Build configuration list for PBXProject "ExampleStatic-iOS" */ = {
			isa = XCConfigurationList;
			buildConfigurations = (
				C71BFB771D3981B5006DBF18 /* Debug */,
				C71BFB781D3981B5006DBF18 /* Release */,
			);
			defaultConfigurationIsVisible = 0;
			defaultConfigurationName = Release;
		};
		C71BFB791D3981B5006DBF18 /* Build configuration list for PBXNativeTarget "ExampleStatic-iOS" */ = {
			isa = XCConfigurationList;
			buildConfigurations = (
				C71BFB7A1D3981B5006DBF18 /* Debug */,
				C71BFB7B1D3981B5006DBF18 /* Release */,
			);
			defaultConfigurationIsVisible = 0;
			defaultConfigurationName = Release;
		};
/* End XCConfigurationList section */
	};
	rootObject = C71BFB5F1D3981B5006DBF18 /* Project object */;
}
