// !$*UTF8*$!
{
	archiveVersion = 1;
	classes = {
	};
	objectVersion = 50;
	objects = {

/* Begin PBXBuildFile section */
		757359FA22BEBE2C00BC52E8 /* opensslconf-arm64.h in Headers */ = {isa = PBXBuildFile; fileRef = 757359F622BEBE2B00BC52E8 /* opensslconf-arm64.h */; settings = {ATTRIBUTES = (Public, ); }; };
		757359FB22BEBE2C00BC52E8 /* opensslconf-armv7s.h in Headers */ = {isa = PBXBuildFile; fileRef = 757359F722BEBE2B00BC52E8 /* opensslconf-armv7s.h */; settings = {ATTRIBUTES = (Public, ); }; };
		757359FC22BEBE2C00BC52E8 /* opensslconf-x86_64.h in Headers */ = {isa = PBXBuildFile; fileRef = 757359F822BEBE2C00BC52E8 /* opensslconf-x86_64.h */; settings = {ATTRIBUTES = (Public, ); }; };
		757359FD22BEBE2C00BC52E8 /* opensslconf-armv7.h in Headers */ = {isa = PBXBuildFile; fileRef = 757359F922BEBE2C00BC52E8 /* opensslconf-armv7.h */; settings = {ATTRIBUTES = (Public, ); }; };
		757359FF22BEBE5800BC52E8 /* opensslconf-x86_64.h in Headers */ = {isa = PBXBuildFile; fileRef = 757359FE22BEBE5800BC52E8 /* opensslconf-x86_64.h */; settings = {ATTRIBUTES = (Public, ); }; };
		75F1C98D22BE87FB00F44E23 /* shim.h in Headers */ = {isa = PBXBuildFile; fileRef = 75F1C98B22BE87E600F44E23 /* shim.h */; settings = {ATTRIBUTES = (Public, ); }; };
		75F1C98F22BE881300F44E23 /* shim.h in Headers */ = {isa = PBXBuildFile; fileRef = 75F1C98E22BE881200F44E23 /* shim.h */; settings = {ATTRIBUTES = (Public, ); }; };
		84BBFB582331B8D300DD11C1 /* opensslconf-i386.h in Headers */ = {isa = PBXBuildFile; fileRef = 84BBFB572331B8D200DD11C1 /* opensslconf-i386.h */; settings = {ATTRIBUTES = (Public, ); }; };
		9F4A26B9223BD8DB005CB63A /* mdc2.h in Headers */ = {isa = PBXBuildFile; fileRef = 9F4A266E223BD8D5005CB63A /* mdc2.h */; settings = {ATTRIBUTES = (Public, ); }; };
		9F4A26BA223BD8DB005CB63A /* aes.h in Headers */ = {isa = PBXBuildFile; fileRef = 9F4A266F223BD8D5005CB63A /* aes.h */; settings = {ATTRIBUTES = (Public, ); }; };
		9F4A26BB223BD8DB005CB63A /* blowfish.h in Headers */ = {isa = PBXBuildFile; fileRef = 9F4A2670223BD8D5005CB63A /* blowfish.h */; settings = {ATTRIBUTES = (Public, ); }; };
		9F4A26BC223BD8DB005CB63A /* stack.h in Headers */ = {isa = PBXBuildFile; fileRef = 9F4A2671223BD8D5005CB63A /* stack.h */; settings = {ATTRIBUTES = (Public, ); }; };
		9F4A26BD223BD8DB005CB63A /* lhash.h in Headers */ = {isa = PBXBuildFile; fileRef = 9F4A2672223BD8D5005CB63A /* lhash.h */; settings = {ATTRIBUTES = (Public, ); }; };
		9F4A26BE223BD8DB005CB63A /* ui.h in Headers */ = {isa = PBXBuildFile; fileRef = 9F4A2673223BD8D5005CB63A /* ui.h */; settings = {ATTRIBUTES = (Public, ); }; };
		9F4A26BF223BD8DB005CB63A /* dh.h in Headers */ = {isa = PBXBuildFile; fileRef = 9F4A2674223BD8D5005CB63A /* dh.h */; settings = {ATTRIBUTES = (Public, ); }; };
		9F4A26C0223BD8DB005CB63A /* ocsp.h in Headers */ = {isa = PBXBuildFile; fileRef = 9F4A2675223BD8D5005CB63A /* ocsp.h */; settings = {ATTRIBUTES = (Public, ); }; };
		9F4A26C1223BD8DB005CB63A /* bio.h in Headers */ = {isa = PBXBuildFile; fileRef = 9F4A2676223BD8D5005CB63A /* bio.h */; settings = {ATTRIBUTES = (Public, ); }; };
		9F4A26C2223BD8DB005CB63A /* ssl.h in Headers */ = {isa = PBXBuildFile; fileRef = 9F4A2677223BD8D5005CB63A /* ssl.h */; settings = {ATTRIBUTES = (Public, ); }; };
		9F4A26C3223BD8DB005CB63A /* md5.h in Headers */ = {isa = PBXBuildFile; fileRef = 9F4A2678223BD8D5005CB63A /* md5.h */; settings = {ATTRIBUTES = (Public, ); }; };
		9F4A26C4223BD8DB005CB63A /* ssl2.h in Headers */ = {isa = PBXBuildFile; fileRef = 9F4A2679223BD8D5005CB63A /* ssl2.h */; settings = {ATTRIBUTES = (Public, ); }; };
		9F4A26C5223BD8DB005CB63A /* cmac.h in Headers */ = {isa = PBXBuildFile; fileRef = 9F4A267A223BD8D5005CB63A /* cmac.h */; settings = {ATTRIBUTES = (Public, ); }; };
		9F4A26C6223BD8DB005CB63A /* cms.h in Headers */ = {isa = PBXBuildFile; fileRef = 9F4A267B223BD8D5005CB63A /* cms.h */; settings = {ATTRIBUTES = (Public, ); }; };
		9F4A26C7223BD8DB005CB63A /* md4.h in Headers */ = {isa = PBXBuildFile; fileRef = 9F4A267C223BD8D5005CB63A /* md4.h */; settings = {ATTRIBUTES = (Public, ); }; };
		9F4A26C8223BD8DB005CB63A /* conf.h in Headers */ = {isa = PBXBuildFile; fileRef = 9F4A267D223BD8D5005CB63A /* conf.h */; settings = {ATTRIBUTES = (Public, ); }; };
		9F4A26C9223BD8DB005CB63A /* seed.h in Headers */ = {isa = PBXBuildFile; fileRef = 9F4A267E223BD8D5005CB63A /* seed.h */; settings = {ATTRIBUTES = (Public, ); }; };
		9F4A26CA223BD8DB005CB63A /* srp.h in Headers */ = {isa = PBXBuildFile; fileRef = 9F4A267F223BD8D6005CB63A /* srp.h */; settings = {ATTRIBUTES = (Public, ); }; };
		9F4A26CB223BD8DB005CB63A /* dso.h in Headers */ = {isa = PBXBuildFile; fileRef = 9F4A2680223BD8D6005CB63A /* dso.h */; settings = {ATTRIBUTES = (Public, ); }; };
		9F4A26CC223BD8DB005CB63A /* asn1_mac.h in Headers */ = {isa = PBXBuildFile; fileRef = 9F4A2681223BD8D6005CB63A /* asn1_mac.h */; settings = {ATTRIBUTES = (Public, ); }; };
		9F4A26CD223BD8DB005CB63A /* comp.h in Headers */ = {isa = PBXBuildFile; fileRef = 9F4A2682223BD8D6005CB63A /* comp.h */; settings = {ATTRIBUTES = (Public, ); }; };
		9F4A26CE223BD8DB005CB63A /* ossl_typ.h in Headers */ = {isa = PBXBuildFile; fileRef = 9F4A2683223BD8D6005CB63A /* ossl_typ.h */; settings = {ATTRIBUTES = (Public, ); }; };
		9F4A26CF223BD8DB005CB63A /* ripemd.h in Headers */ = {isa = PBXBuildFile; fileRef = 9F4A2684223BD8D6005CB63A /* ripemd.h */; settings = {ATTRIBUTES = (Public, ); }; };
		9F4A26D0223BD8DB005CB63A /* pkcs7.h in Headers */ = {isa = PBXBuildFile; fileRef = 9F4A2685223BD8D6005CB63A /* pkcs7.h */; settings = {ATTRIBUTES = (Public, ); }; };
		9F4A26D1223BD8DB005CB63A /* ts.h in Headers */ = {isa = PBXBuildFile; fileRef = 9F4A2686223BD8D6005CB63A /* ts.h */; settings = {ATTRIBUTES = (Public, ); }; };
		9F4A26D2223BD8DB005CB63A /* idea.h in Headers */ = {isa = PBXBuildFile; fileRef = 9F4A2687223BD8D6005CB63A /* idea.h */; settings = {ATTRIBUTES = (Public, ); }; };
		9F4A26D3223BD8DB005CB63A /* sha.h in Headers */ = {isa = PBXBuildFile; fileRef = 9F4A2688223BD8D6005CB63A /* sha.h */; settings = {ATTRIBUTES = (Public, ); }; };
		9F4A26D4223BD8DB005CB63A /* txt_db.h in Headers */ = {isa = PBXBuildFile; fileRef = 9F4A2689223BD8D6005CB63A /* txt_db.h */; settings = {ATTRIBUTES = (Public, ); }; };
		9F4A26D5223BD8DB005CB63A /* x509_vfy.h in Headers */ = {isa = PBXBuildFile; fileRef = 9F4A268A223BD8D6005CB63A /* x509_vfy.h */; settings = {ATTRIBUTES = (Public, ); }; };
		9F4A26D6223BD8DB005CB63A /* des_old.h in Headers */ = {isa = PBXBuildFile; fileRef = 9F4A268B223BD8D7005CB63A /* des_old.h */; settings = {ATTRIBUTES = (Public, ); }; };
		9F4A26D7223BD8DB005CB63A /* objects.h in Headers */ = {isa = PBXBuildFile; fileRef = 9F4A268C223BD8D7005CB63A /* objects.h */; settings = {ATTRIBUTES = (Public, ); }; };
		9F4A26D8223BD8DB005CB63A /* conf_api.h in Headers */ = {isa = PBXBuildFile; fileRef = 9F4A268D223BD8D7005CB63A /* conf_api.h */; settings = {ATTRIBUTES = (Public, ); }; };
		9F4A26D9223BD8DB005CB63A /* camellia.h in Headers */ = {isa = PBXBuildFile; fileRef = 9F4A268E223BD8D7005CB63A /* camellia.h */; settings = {ATTRIBUTES = (Public, ); }; };
		9F4A26DA223BD8DB005CB63A /* dsa.h in Headers */ = {isa = PBXBuildFile; fileRef = 9F4A268F223BD8D7005CB63A /* dsa.h */; settings = {ATTRIBUTES = (Public, ); }; };
		9F4A26DB223BD8DB005CB63A /* evp.h in Headers */ = {isa = PBXBuildFile; fileRef = 9F4A2690223BD8D7005CB63A /* evp.h */; settings = {ATTRIBUTES = (Public, ); }; };
		9F4A26DC223BD8DB005CB63A /* ecdh.h in Headers */ = {isa = PBXBuildFile; fileRef = 9F4A2691223BD8D7005CB63A /* ecdh.h */; settings = {ATTRIBUTES = (Public, ); }; };
		9F4A26DD223BD8DB005CB63A /* engine.h in Headers */ = {isa = PBXBuildFile; fileRef = 9F4A2692223BD8D7005CB63A /* engine.h */; settings = {ATTRIBUTES = (Public, ); }; };
		9F4A26DE223BD8DB005CB63A /* asn1.h in Headers */ = {isa = PBXBuildFile; fileRef = 9F4A2693223BD8D7005CB63A /* asn1.h */; settings = {ATTRIBUTES = (Public, ); }; };
		9F4A26DF223BD8DB005CB63A /* dtls1.h in Headers */ = {isa = PBXBuildFile; fileRef = 9F4A2694223BD8D7005CB63A /* dtls1.h */; settings = {ATTRIBUTES = (Public, ); }; };
		9F4A26E0223BD8DB005CB63A /* pqueue.h in Headers */ = {isa = PBXBuildFile; fileRef = 9F4A2695223BD8D7005CB63A /* pqueue.h */; settings = {ATTRIBUTES = (Public, ); }; };
		9F4A26E1223BD8DB005CB63A /* rsa.h in Headers */ = {isa = PBXBuildFile; fileRef = 9F4A2696223BD8D8005CB63A /* rsa.h */; settings = {ATTRIBUTES = (Public, ); }; };
		9F4A26E2223BD8DB005CB63A /* ssl3.h in Headers */ = {isa = PBXBuildFile; fileRef = 9F4A2697223BD8D8005CB63A /* ssl3.h */; settings = {ATTRIBUTES = (Public, ); }; };
		9F4A26E3223BD8DB005CB63A /* tls1.h in Headers */ = {isa = PBXBuildFile; fileRef = 9F4A2698223BD8D8005CB63A /* tls1.h */; settings = {ATTRIBUTES = (Public, ); }; };
		9F4A26E4223BD8DB005CB63A /* rand.h in Headers */ = {isa = PBXBuildFile; fileRef = 9F4A2699223BD8D8005CB63A /* rand.h */; settings = {ATTRIBUTES = (Public, ); }; };
		9F4A26E5223BD8DB005CB63A /* ui_compat.h in Headers */ = {isa = PBXBuildFile; fileRef = 9F4A269A223BD8D8005CB63A /* ui_compat.h */; settings = {ATTRIBUTES = (Public, ); }; };
		9F4A26E6223BD8DB005CB63A /* x509.h in Headers */ = {isa = PBXBuildFile; fileRef = 9F4A269B223BD8D8005CB63A /* x509.h */; settings = {ATTRIBUTES = (Public, ); }; };
		9F4A26E7223BD8DB005CB63A /* opensslv.h in Headers */ = {isa = PBXBuildFile; fileRef = 9F4A269C223BD8D8005CB63A /* opensslv.h */; settings = {ATTRIBUTES = (Public, ); }; };
		9F4A26E8223BD8DB005CB63A /* modes.h in Headers */ = {isa = PBXBuildFile; fileRef = 9F4A269D223BD8D8005CB63A /* modes.h */; settings = {ATTRIBUTES = (Public, ); }; };
		9F4A26E9223BD8DB005CB63A /* opensslconf.h in Headers */ = {isa = PBXBuildFile; fileRef = 9F4A269E223BD8D8005CB63A /* opensslconf.h */; settings = {ATTRIBUTES = (Public, ); }; };
		9F4A26EA223BD8DB005CB63A /* symhacks.h in Headers */ = {isa = PBXBuildFile; fileRef = 9F4A269F223BD8D8005CB63A /* symhacks.h */; settings = {ATTRIBUTES = (Public, ); }; };
		9F4A26EB223BD8DB005CB63A /* rc2.h in Headers */ = {isa = PBXBuildFile; fileRef = 9F4A26A0223BD8D8005CB63A /* rc2.h */; settings = {ATTRIBUTES = (Public, ); }; };
		9F4A26EC223BD8DB005CB63A /* hmac.h in Headers */ = {isa = PBXBuildFile; fileRef = 9F4A26A1223BD8D9005CB63A /* hmac.h */; settings = {ATTRIBUTES = (Public, ); }; };
		9F4A26ED223BD8DB005CB63A /* pem2.h in Headers */ = {isa = PBXBuildFile; fileRef = 9F4A26A2223BD8D9005CB63A /* pem2.h */; settings = {ATTRIBUTES = (Public, ); }; };
		9F4A26EE223BD8DB005CB63A /* cast.h in Headers */ = {isa = PBXBuildFile; fileRef = 9F4A26A3223BD8D9005CB63A /* cast.h */; settings = {ATTRIBUTES = (Public, ); }; };
		9F4A26EF223BD8DB005CB63A /* ec.h in Headers */ = {isa = PBXBuildFile; fileRef = 9F4A26A4223BD8D9005CB63A /* ec.h */; settings = {ATTRIBUTES = (Public, ); }; };
		9F4A26F0223BD8DB005CB63A /* rc4.h in Headers */ = {isa = PBXBuildFile; fileRef = 9F4A26A5223BD8D9005CB63A /* rc4.h */; settings = {ATTRIBUTES = (Public, ); }; };
		9F4A26F1223BD8DB005CB63A /* obj_mac.h in Headers */ = {isa = PBXBuildFile; fileRef = 9F4A26A6223BD8D9005CB63A /* obj_mac.h */; settings = {ATTRIBUTES = (Public, ); }; };
		9F4A26F2223BD8DB005CB63A /* ssl23.h in Headers */ = {isa = PBXBuildFile; fileRef = 9F4A26A7223BD8D9005CB63A /* ssl23.h */; settings = {ATTRIBUTES = (Public, ); }; };
		9F4A26F3223BD8DB005CB63A /* srtp.h in Headers */ = {isa = PBXBuildFile; fileRef = 9F4A26A8223BD8D9005CB63A /* srtp.h */; settings = {ATTRIBUTES = (Public, ); }; };
		9F4A26F4223BD8DB005CB63A /* pem.h in Headers */ = {isa = PBXBuildFile; fileRef = 9F4A26A9223BD8D9005CB63A /* pem.h */; settings = {ATTRIBUTES = (Public, ); }; };
		9F4A26F5223BD8DB005CB63A /* crypto.h in Headers */ = {isa = PBXBuildFile; fileRef = 9F4A26AA223BD8D9005CB63A /* crypto.h */; settings = {ATTRIBUTES = (Public, ); }; };
		9F4A26F6223BD8DB005CB63A /* whrlpool.h in Headers */ = {isa = PBXBuildFile; fileRef = 9F4A26AB223BD8DA005CB63A /* whrlpool.h */; settings = {ATTRIBUTES = (Public, ); }; };
		9F4A26F7223BD8DB005CB63A /* x509v3.h in Headers */ = {isa = PBXBuildFile; fileRef = 9F4A26AC223BD8DA005CB63A /* x509v3.h */; settings = {ATTRIBUTES = (Public, ); }; };
		9F4A26F8223BD8DB005CB63A /* asn1t.h in Headers */ = {isa = PBXBuildFile; fileRef = 9F4A26AD223BD8DA005CB63A /* asn1t.h */; settings = {ATTRIBUTES = (Public, ); }; };
		9F4A26F9223BD8DB005CB63A /* err.h in Headers */ = {isa = PBXBuildFile; fileRef = 9F4A26AE223BD8DA005CB63A /* err.h */; settings = {ATTRIBUTES = (Public, ); }; };
		9F4A26FA223BD8DB005CB63A /* e_os2.h in Headers */ = {isa = PBXBuildFile; fileRef = 9F4A26AF223BD8DA005CB63A /* e_os2.h */; settings = {ATTRIBUTES = (Public, ); }; };
		9F4A26FB223BD8DB005CB63A /* safestack.h in Headers */ = {isa = PBXBuildFile; fileRef = 9F4A26B0223BD8DA005CB63A /* safestack.h */; settings = {ATTRIBUTES = (Public, ); }; };
		9F4A26FC223BD8DB005CB63A /* buffer.h in Headers */ = {isa = PBXBuildFile; fileRef = 9F4A26B1223BD8DA005CB63A /* buffer.h */; settings = {ATTRIBUTES = (Public, ); }; };
		9F4A26FD223BD8DB005CB63A /* pkcs12.h in Headers */ = {isa = PBXBuildFile; fileRef = 9F4A26B2223BD8DA005CB63A /* pkcs12.h */; settings = {ATTRIBUTES = (Public, ); }; };
		9F4A26FE223BD8DB005CB63A /* des.h in Headers */ = {isa = PBXBuildFile; fileRef = 9F4A26B3223BD8DA005CB63A /* des.h */; settings = {ATTRIBUTES = (Public, ); }; };
		9F4A26FF223BD8DB005CB63A /* ecdsa.h in Headers */ = {isa = PBXBuildFile; fileRef = 9F4A26B4223BD8DA005CB63A /* ecdsa.h */; settings = {ATTRIBUTES = (Public, ); }; };
		9F4A2700223BD8DB005CB63A /* kssl.h in Headers */ = {isa = PBXBuildFile; fileRef = 9F4A26B5223BD8DA005CB63A /* kssl.h */; settings = {ATTRIBUTES = (Public, ); }; };
		9F4A2701223BD8DB005CB63A /* ebcdic.h in Headers */ = {isa = PBXBuildFile; fileRef = 9F4A26B6223BD8DB005CB63A /* ebcdic.h */; settings = {ATTRIBUTES = (Public, ); }; };
		9F4A2702223BD8DB005CB63A /* bn.h in Headers */ = {isa = PBXBuildFile; fileRef = 9F4A26B7223BD8DB005CB63A /* bn.h */; settings = {ATTRIBUTES = (Public, ); }; };
		9F4A2703223BD8DB005CB63A /* krb5_asn.h in Headers */ = {isa = PBXBuildFile; fileRef = 9F4A26B8223BD8DB005CB63A /* krb5_asn.h */; settings = {ATTRIBUTES = (Public, ); }; };
		9F4A2707223BD900005CB63A /* libssl.a in Frameworks */ = {isa = PBXBuildFile; fileRef = 9F4A2705223BD900005CB63A /* libssl.a */; };
		9F4A2708223BD900005CB63A /* libcrypto.a in Frameworks */ = {isa = PBXBuildFile; fileRef = 9F4A2706223BD900005CB63A /* libcrypto.a */; };
		9F4A270E223BD9EB005CB63A /* OpenSSL.h in Headers */ = {isa = PBXBuildFile; fileRef = 9F4A270D223BD9EB005CB63A /* OpenSSL.h */; settings = {ATTRIBUTES = (Public, ); }; };
		9F4A2723223BE516005CB63A /* OpenSSL.h in Headers */ = {isa = PBXBuildFile; fileRef = 9F4A271F223BE4E6005CB63A /* OpenSSL.h */; settings = {ATTRIBUTES = (Public, ); }; };
		9F4A2771223BE55A005CB63A /* seed.h in Headers */ = {isa = PBXBuildFile; fileRef = 9F4A2726223BE554005CB63A /* seed.h */; settings = {ATTRIBUTES = (Public, ); }; };
		9F4A2772223BE55A005CB63A /* dtls1.h in Headers */ = {isa = PBXBuildFile; fileRef = 9F4A2727223BE554005CB63A /* dtls1.h */; settings = {ATTRIBUTES = (Public, ); }; };
		9F4A2773223BE55A005CB63A /* tls1.h in Headers */ = {isa = PBXBuildFile; fileRef = 9F4A2728223BE554005CB63A /* tls1.h */; settings = {ATTRIBUTES = (Public, ); }; };
		9F4A2774223BE55A005CB63A /* buffer.h in Headers */ = {isa = PBXBuildFile; fileRef = 9F4A2729223BE554005CB63A /* buffer.h */; settings = {ATTRIBUTES = (Public, ); }; };
		9F4A2775223BE55A005CB63A /* conf.h in Headers */ = {isa = PBXBuildFile; fileRef = 9F4A272A223BE554005CB63A /* conf.h */; settings = {ATTRIBUTES = (Public, ); }; };
		9F4A2776223BE55A005CB63A /* x509.h in Headers */ = {isa = PBXBuildFile; fileRef = 9F4A272B223BE554005CB63A /* x509.h */; settings = {ATTRIBUTES = (Public, ); }; };
		9F4A2777223BE55A005CB63A /* blowfish.h in Headers */ = {isa = PBXBuildFile; fileRef = 9F4A272C223BE554005CB63A /* blowfish.h */; settings = {ATTRIBUTES = (Public, ); }; };
		9F4A2778223BE55A005CB63A /* ssl3.h in Headers */ = {isa = PBXBuildFile; fileRef = 9F4A272D223BE555005CB63A /* ssl3.h */; settings = {ATTRIBUTES = (Public, ); }; };
		9F4A2779223BE55A005CB63A /* pqueue.h in Headers */ = {isa = PBXBuildFile; fileRef = 9F4A272E223BE555005CB63A /* pqueue.h */; settings = {ATTRIBUTES = (Public, ); }; };
		9F4A277A223BE55A005CB63A /* pkcs7.h in Headers */ = {isa = PBXBuildFile; fileRef = 9F4A272F223BE555005CB63A /* pkcs7.h */; settings = {ATTRIBUTES = (Public, ); }; };
		9F4A277B223BE55A005CB63A /* txt_db.h in Headers */ = {isa = PBXBuildFile; fileRef = 9F4A2730223BE555005CB63A /* txt_db.h */; settings = {ATTRIBUTES = (Public, ); }; };
		9F4A277C223BE55A005CB63A /* rsa.h in Headers */ = {isa = PBXBuildFile; fileRef = 9F4A2731223BE555005CB63A /* rsa.h */; settings = {ATTRIBUTES = (Public, ); }; };
		9F4A277D223BE55A005CB63A /* srtp.h in Headers */ = {isa = PBXBuildFile; fileRef = 9F4A2732223BE555005CB63A /* srtp.h */; settings = {ATTRIBUTES = (Public, ); }; };
		9F4A277E223BE55A005CB63A /* e_os2.h in Headers */ = {isa = PBXBuildFile; fileRef = 9F4A2733223BE555005CB63A /* e_os2.h */; settings = {ATTRIBUTES = (Public, ); }; };
		9F4A277F223BE55A005CB63A /* safestack.h in Headers */ = {isa = PBXBuildFile; fileRef = 9F4A2734223BE555005CB63A /* safestack.h */; settings = {ATTRIBUTES = (Public, ); }; };
		9F4A2780223BE55A005CB63A /* obj_mac.h in Headers */ = {isa = PBXBuildFile; fileRef = 9F4A2735223BE555005CB63A /* obj_mac.h */; settings = {ATTRIBUTES = (Public, ); }; };
		9F4A2781223BE55A005CB63A /* opensslconf.h in Headers */ = {isa = PBXBuildFile; fileRef = 9F4A2736223BE555005CB63A /* opensslconf.h */; settings = {ATTRIBUTES = (Public, ); }; };
		9F4A2782223BE55A005CB63A /* ebcdic.h in Headers */ = {isa = PBXBuildFile; fileRef = 9F4A2737223BE555005CB63A /* ebcdic.h */; settings = {ATTRIBUTES = (Public, ); }; };
		9F4A2783223BE55A005CB63A /* ssl.h in Headers */ = {isa = PBXBuildFile; fileRef = 9F4A2738223BE555005CB63A /* ssl.h */; settings = {ATTRIBUTES = (Public, ); }; };
		9F4A2784223BE55A005CB63A /* lhash.h in Headers */ = {isa = PBXBuildFile; fileRef = 9F4A2739223BE555005CB63A /* lhash.h */; settings = {ATTRIBUTES = (Public, ); }; };
		9F4A2785223BE55A005CB63A /* mdc2.h in Headers */ = {isa = PBXBuildFile; fileRef = 9F4A273A223BE555005CB63A /* mdc2.h */; settings = {ATTRIBUTES = (Public, ); }; };
		9F4A2786223BE55A005CB63A /* symhacks.h in Headers */ = {isa = PBXBuildFile; fileRef = 9F4A273B223BE556005CB63A /* symhacks.h */; settings = {ATTRIBUTES = (Public, ); }; };
		9F4A2787223BE55A005CB63A /* whrlpool.h in Headers */ = {isa = PBXBuildFile; fileRef = 9F4A273C223BE556005CB63A /* whrlpool.h */; settings = {ATTRIBUTES = (Public, ); }; };
		9F4A2788223BE55A005CB63A /* dsa.h in Headers */ = {isa = PBXBuildFile; fileRef = 9F4A273D223BE556005CB63A /* dsa.h */; settings = {ATTRIBUTES = (Public, ); }; };
		9F4A2789223BE55A005CB63A /* cms.h in Headers */ = {isa = PBXBuildFile; fileRef = 9F4A273E223BE556005CB63A /* cms.h */; settings = {ATTRIBUTES = (Public, ); }; };
		9F4A278A223BE55A005CB63A /* des.h in Headers */ = {isa = PBXBuildFile; fileRef = 9F4A273F223BE556005CB63A /* des.h */; settings = {ATTRIBUTES = (Public, ); }; };
		9F4A278B223BE55A005CB63A /* hmac.h in Headers */ = {isa = PBXBuildFile; fileRef = 9F4A2740223BE556005CB63A /* hmac.h */; settings = {ATTRIBUTES = (Public, ); }; };
		9F4A278C223BE55A005CB63A /* ripemd.h in Headers */ = {isa = PBXBuildFile; fileRef = 9F4A2741223BE556005CB63A /* ripemd.h */; settings = {ATTRIBUTES = (Public, ); }; };
		9F4A278D223BE55A005CB63A /* rc4.h in Headers */ = {isa = PBXBuildFile; fileRef = 9F4A2742223BE556005CB63A /* rc4.h */; settings = {ATTRIBUTES = (Public, ); }; };
		9F4A278E223BE55A005CB63A /* ui.h in Headers */ = {isa = PBXBuildFile; fileRef = 9F4A2743223BE556005CB63A /* ui.h */; settings = {ATTRIBUTES = (Public, ); }; };
		9F4A278F223BE55A005CB63A /* ocsp.h in Headers */ = {isa = PBXBuildFile; fileRef = 9F4A2744223BE556005CB63A /* ocsp.h */; settings = {ATTRIBUTES = (Public, ); }; };
		9F4A2790223BE55A005CB63A /* rc2.h in Headers */ = {isa = PBXBuildFile; fileRef = 9F4A2745223BE556005CB63A /* rc2.h */; settings = {ATTRIBUTES = (Public, ); }; };
		9F4A2791223BE55A005CB63A /* x509_vfy.h in Headers */ = {isa = PBXBuildFile; fileRef = 9F4A2746223BE557005CB63A /* x509_vfy.h */; settings = {ATTRIBUTES = (Public, ); }; };
		9F4A2792223BE55A005CB63A /* ui_compat.h in Headers */ = {isa = PBXBuildFile; fileRef = 9F4A2747223BE557005CB63A /* ui_compat.h */; settings = {ATTRIBUTES = (Public, ); }; };
		9F4A2793223BE55A005CB63A /* evp.h in Headers */ = {isa = PBXBuildFile; fileRef = 9F4A2748223BE557005CB63A /* evp.h */; settings = {ATTRIBUTES = (Public, ); }; };
		9F4A2794223BE55A005CB63A /* cmac.h in Headers */ = {isa = PBXBuildFile; fileRef = 9F4A2749223BE557005CB63A /* cmac.h */; settings = {ATTRIBUTES = (Public, ); }; };
		9F4A2795223BE55A005CB63A /* crypto.h in Headers */ = {isa = PBXBuildFile; fileRef = 9F4A274A223BE557005CB63A /* crypto.h */; settings = {ATTRIBUTES = (Public, ); }; };
		9F4A2796223BE55A005CB63A /* pem2.h in Headers */ = {isa = PBXBuildFile; fileRef = 9F4A274B223BE557005CB63A /* pem2.h */; settings = {ATTRIBUTES = (Public, ); }; };
		9F4A2797223BE55A005CB63A /* kssl.h in Headers */ = {isa = PBXBuildFile; fileRef = 9F4A274C223BE557005CB63A /* kssl.h */; settings = {ATTRIBUTES = (Public, ); }; };
		9F4A2798223BE55A005CB63A /* ssl23.h in Headers */ = {isa = PBXBuildFile; fileRef = 9F4A274D223BE557005CB63A /* ssl23.h */; settings = {ATTRIBUTES = (Public, ); }; };
		9F4A2799223BE55A005CB63A /* camellia.h in Headers */ = {isa = PBXBuildFile; fileRef = 9F4A274E223BE557005CB63A /* camellia.h */; settings = {ATTRIBUTES = (Public, ); }; };
		9F4A279A223BE55A005CB63A /* asn1t.h in Headers */ = {isa = PBXBuildFile; fileRef = 9F4A274F223BE557005CB63A /* asn1t.h */; settings = {ATTRIBUTES = (Public, ); }; };
		9F4A279B223BE55A005CB63A /* err.h in Headers */ = {isa = PBXBuildFile; fileRef = 9F4A2750223BE557005CB63A /* err.h */; settings = {ATTRIBUTES = (Public, ); }; };
		9F4A279C223BE55A005CB63A /* krb5_asn.h in Headers */ = {isa = PBXBuildFile; fileRef = 9F4A2751223BE557005CB63A /* krb5_asn.h */; settings = {ATTRIBUTES = (Public, ); }; };
		9F4A279D223BE55A005CB63A /* dso.h in Headers */ = {isa = PBXBuildFile; fileRef = 9F4A2752223BE558005CB63A /* dso.h */; settings = {ATTRIBUTES = (Public, ); }; };
		9F4A279E223BE55A005CB63A /* md5.h in Headers */ = {isa = PBXBuildFile; fileRef = 9F4A2753223BE558005CB63A /* md5.h */; settings = {ATTRIBUTES = (Public, ); }; };
		9F4A279F223BE55A005CB63A /* srp.h in Headers */ = {isa = PBXBuildFile; fileRef = 9F4A2754223BE558005CB63A /* srp.h */; settings = {ATTRIBUTES = (Public, ); }; };
		9F4A27A0223BE55A005CB63A /* dh.h in Headers */ = {isa = PBXBuildFile; fileRef = 9F4A2755223BE558005CB63A /* dh.h */; settings = {ATTRIBUTES = (Public, ); }; };
		9F4A27A1223BE55A005CB63A /* md4.h in Headers */ = {isa = PBXBuildFile; fileRef = 9F4A2756223BE558005CB63A /* md4.h */; settings = {ATTRIBUTES = (Public, ); }; };
		9F4A27A2223BE55A005CB63A /* objects.h in Headers */ = {isa = PBXBuildFile; fileRef = 9F4A2757223BE558005CB63A /* objects.h */; settings = {ATTRIBUTES = (Public, ); }; };
		9F4A27A3223BE55A005CB63A /* pkcs12.h in Headers */ = {isa = PBXBuildFile; fileRef = 9F4A2758223BE558005CB63A /* pkcs12.h */; settings = {ATTRIBUTES = (Public, ); }; };
		9F4A27A4223BE55A005CB63A /* bn.h in Headers */ = {isa = PBXBuildFile; fileRef = 9F4A2759223BE558005CB63A /* bn.h */; settings = {ATTRIBUTES = (Public, ); }; };
		9F4A27A5223BE55A005CB63A /* modes.h in Headers */ = {isa = PBXBuildFile; fileRef = 9F4A275A223BE558005CB63A /* modes.h */; settings = {ATTRIBUTES = (Public, ); }; };
		9F4A27A6223BE55A005CB63A /* asn1.h in Headers */ = {isa = PBXBuildFile; fileRef = 9F4A275B223BE558005CB63A /* asn1.h */; settings = {ATTRIBUTES = (Public, ); }; };
		9F4A27A7223BE55A005CB63A /* engine.h in Headers */ = {isa = PBXBuildFile; fileRef = 9F4A275C223BE558005CB63A /* engine.h */; settings = {ATTRIBUTES = (Public, ); }; };
		9F4A27A8223BE55A005CB63A /* ec.h in Headers */ = {isa = PBXBuildFile; fileRef = 9F4A275D223BE558005CB63A /* ec.h */; settings = {ATTRIBUTES = (Public, ); }; };
		9F4A27A9223BE55A005CB63A /* conf_api.h in Headers */ = {isa = PBXBuildFile; fileRef = 9F4A275E223BE559005CB63A /* conf_api.h */; settings = {ATTRIBUTES = (Public, ); }; };
		9F4A27AA223BE55A005CB63A /* sha.h in Headers */ = {isa = PBXBuildFile; fileRef = 9F4A275F223BE559005CB63A /* sha.h */; settings = {ATTRIBUTES = (Public, ); }; };
		9F4A27AB223BE55A005CB63A /* pem.h in Headers */ = {isa = PBXBuildFile; fileRef = 9F4A2760223BE559005CB63A /* pem.h */; settings = {ATTRIBUTES = (Public, ); }; };
		9F4A27AC223BE55A005CB63A /* ssl2.h in Headers */ = {isa = PBXBuildFile; fileRef = 9F4A2761223BE559005CB63A /* ssl2.h */; settings = {ATTRIBUTES = (Public, ); }; };
		9F4A27AD223BE55A005CB63A /* cast.h in Headers */ = {isa = PBXBuildFile; fileRef = 9F4A2762223BE559005CB63A /* cast.h */; settings = {ATTRIBUTES = (Public, ); }; };
		9F4A27AE223BE55B005CB63A /* des_old.h in Headers */ = {isa = PBXBuildFile; fileRef = 9F4A2763223BE559005CB63A /* des_old.h */; settings = {ATTRIBUTES = (Public, ); }; };
		9F4A27AF223BE55B005CB63A /* asn1_mac.h in Headers */ = {isa = PBXBuildFile; fileRef = 9F4A2764223BE559005CB63A /* asn1_mac.h */; settings = {ATTRIBUTES = (Public, ); }; };
		9F4A27B0223BE55B005CB63A /* rand.h in Headers */ = {isa = PBXBuildFile; fileRef = 9F4A2765223BE559005CB63A /* rand.h */; settings = {ATTRIBUTES = (Public, ); }; };
		9F4A27B1223BE55B005CB63A /* stack.h in Headers */ = {isa = PBXBuildFile; fileRef = 9F4A2766223BE559005CB63A /* stack.h */; settings = {ATTRIBUTES = (Public, ); }; };
		9F4A27B2223BE55B005CB63A /* idea.h in Headers */ = {isa = PBXBuildFile; fileRef = 9F4A2767223BE559005CB63A /* idea.h */; settings = {ATTRIBUTES = (Public, ); }; };
		9F4A27B3223BE55B005CB63A /* aes.h in Headers */ = {isa = PBXBuildFile; fileRef = 9F4A2768223BE559005CB63A /* aes.h */; settings = {ATTRIBUTES = (Public, ); }; };
		9F4A27B4223BE55B005CB63A /* ecdsa.h in Headers */ = {isa = PBXBuildFile; fileRef = 9F4A2769223BE559005CB63A /* ecdsa.h */; settings = {ATTRIBUTES = (Public, ); }; };
		9F4A27B5223BE55B005CB63A /* comp.h in Headers */ = {isa = PBXBuildFile; fileRef = 9F4A276A223BE55A005CB63A /* comp.h */; settings = {ATTRIBUTES = (Public, ); }; };
		9F4A27B6223BE55B005CB63A /* ts.h in Headers */ = {isa = PBXBuildFile; fileRef = 9F4A276B223BE55A005CB63A /* ts.h */; settings = {ATTRIBUTES = (Public, ); }; };
		9F4A27B7223BE55B005CB63A /* x509v3.h in Headers */ = {isa = PBXBuildFile; fileRef = 9F4A276C223BE55A005CB63A /* x509v3.h */; settings = {ATTRIBUTES = (Public, ); }; };
		9F4A27B8223BE55B005CB63A /* ossl_typ.h in Headers */ = {isa = PBXBuildFile; fileRef = 9F4A276D223BE55A005CB63A /* ossl_typ.h */; settings = {ATTRIBUTES = (Public, ); }; };
		9F4A27B9223BE55B005CB63A /* opensslv.h in Headers */ = {isa = PBXBuildFile; fileRef = 9F4A276E223BE55A005CB63A /* opensslv.h */; settings = {ATTRIBUTES = (Public, ); }; };
		9F4A27BA223BE55B005CB63A /* ecdh.h in Headers */ = {isa = PBXBuildFile; fileRef = 9F4A276F223BE55A005CB63A /* ecdh.h */; settings = {ATTRIBUTES = (Public, ); }; };
		9F4A27BB223BE55B005CB63A /* bio.h in Headers */ = {isa = PBXBuildFile; fileRef = 9F4A2770223BE55A005CB63A /* bio.h */; settings = {ATTRIBUTES = (Public, ); }; };
		9F4A27BE223BE57C005CB63A /* libcrypto.a in Frameworks */ = {isa = PBXBuildFile; fileRef = 9F4A27BC223BE57C005CB63A /* libcrypto.a */; };
		9F4A27BF223BE57C005CB63A /* libssl.a in Frameworks */ = {isa = PBXBuildFile; fileRef = 9F4A27BD223BE57C005CB63A /* libssl.a */; };
/* End PBXBuildFile section */

/* Begin PBXFileReference section */
		757359F622BEBE2B00BC52E8 /* opensslconf-arm64.h */ = {isa = PBXFileReference; fileEncoding = 4; lastKnownFileType = sourcecode.c.h; name = "opensslconf-arm64.h"; path = "ios/include/openssl/opensslconf-arm64.h"; sourceTree = "<group>"; };
		757359F722BEBE2B00BC52E8 /* opensslconf-armv7s.h */ = {isa = PBXFileReference; fileEncoding = 4; lastKnownFileType = sourcecode.c.h; name = "opensslconf-armv7s.h"; path = "ios/include/openssl/opensslconf-armv7s.h"; sourceTree = "<group>"; };
		757359F822BEBE2C00BC52E8 /* opensslconf-x86_64.h */ = {isa = PBXFileReference; fileEncoding = 4; lastKnownFileType = sourcecode.c.h; name = "opensslconf-x86_64.h"; path = "ios/include/openssl/opensslconf-x86_64.h"; sourceTree = "<group>"; };
		757359F922BEBE2C00BC52E8 /* opensslconf-armv7.h */ = {isa = PBXFileReference; fileEncoding = 4; lastKnownFileType = sourcecode.c.h; name = "opensslconf-armv7.h"; path = "ios/include/openssl/opensslconf-armv7.h"; sourceTree = "<group>"; };
		757359FE22BEBE5800BC52E8 /* opensslconf-x86_64.h */ = {isa = PBXFileReference; fileEncoding = 4; lastKnownFileType = sourcecode.c.h; name = "opensslconf-x86_64.h"; path = "macos/include/openssl/opensslconf-x86_64.h"; sourceTree = "<group>"; };
		75F1C98B22BE87E600F44E23 /* shim.h */ = {isa = PBXFileReference; fileEncoding = 4; lastKnownFileType = sourcecode.c.h; name = shim.h; path = macos/include/openssl/shim.h; sourceTree = "<group>"; };
		75F1C98E22BE881200F44E23 /* shim.h */ = {isa = PBXFileReference; fileEncoding = 4; lastKnownFileType = sourcecode.c.h; name = shim.h; path = ios/include/openssl/shim.h; sourceTree = "<group>"; };
		84BBFB572331B8D200DD11C1 /* opensslconf-i386.h */ = {isa = PBXFileReference; fileEncoding = 4; lastKnownFileType = sourcecode.c.h; name = "opensslconf-i386.h"; path = "ios/include/openssl/opensslconf-i386.h"; sourceTree = "<group>"; };
		9F4A265C223BD82B005CB63A /* OpenSSL.framework */ = {isa = PBXFileReference; explicitFileType = wrapper.framework; includeInIndex = 0; path = OpenSSL.framework; sourceTree = BUILT_PRODUCTS_DIR; };
		9F4A266E223BD8D5005CB63A /* mdc2.h */ = {isa = PBXFileReference; fileEncoding = 4; lastKnownFileType = sourcecode.c.h; name = mdc2.h; path = ios/include/openssl/mdc2.h; sourceTree = "<group>"; };
		9F4A266F223BD8D5005CB63A /* aes.h */ = {isa = PBXFileReference; fileEncoding = 4; lastKnownFileType = sourcecode.c.h; name = aes.h; path = ios/include/openssl/aes.h; sourceTree = "<group>"; };
		9F4A2670223BD8D5005CB63A /* blowfish.h */ = {isa = PBXFileReference; fileEncoding = 4; lastKnownFileType = sourcecode.c.h; name = blowfish.h; path = ios/include/openssl/blowfish.h; sourceTree = "<group>"; };
		9F4A2671223BD8D5005CB63A /* stack.h */ = {isa = PBXFileReference; fileEncoding = 4; lastKnownFileType = sourcecode.c.h; name = stack.h; path = ios/include/openssl/stack.h; sourceTree = "<group>"; };
		9F4A2672223BD8D5005CB63A /* lhash.h */ = {isa = PBXFileReference; fileEncoding = 4; lastKnownFileType = sourcecode.c.h; name = lhash.h; path = ios/include/openssl/lhash.h; sourceTree = "<group>"; };
		9F4A2673223BD8D5005CB63A /* ui.h */ = {isa = PBXFileReference; fileEncoding = 4; lastKnownFileType = sourcecode.c.h; name = ui.h; path = ios/include/openssl/ui.h; sourceTree = "<group>"; };
		9F4A2674223BD8D5005CB63A /* dh.h */ = {isa = PBXFileReference; fileEncoding = 4; lastKnownFileType = sourcecode.c.h; name = dh.h; path = ios/include/openssl/dh.h; sourceTree = "<group>"; };
		9F4A2675223BD8D5005CB63A /* ocsp.h */ = {isa = PBXFileReference; fileEncoding = 4; lastKnownFileType = sourcecode.c.h; name = ocsp.h; path = ios/include/openssl/ocsp.h; sourceTree = "<group>"; };
		9F4A2676223BD8D5005CB63A /* bio.h */ = {isa = PBXFileReference; fileEncoding = 4; lastKnownFileType = sourcecode.c.h; name = bio.h; path = ios/include/openssl/bio.h; sourceTree = "<group>"; };
		9F4A2677223BD8D5005CB63A /* ssl.h */ = {isa = PBXFileReference; fileEncoding = 4; lastKnownFileType = sourcecode.c.h; name = ssl.h; path = ios/include/openssl/ssl.h; sourceTree = "<group>"; };
		9F4A2678223BD8D5005CB63A /* md5.h */ = {isa = PBXFileReference; fileEncoding = 4; lastKnownFileType = sourcecode.c.h; name = md5.h; path = ios/include/openssl/md5.h; sourceTree = "<group>"; };
		9F4A2679223BD8D5005CB63A /* ssl2.h */ = {isa = PBXFileReference; fileEncoding = 4; lastKnownFileType = sourcecode.c.h; name = ssl2.h; path = ios/include/openssl/ssl2.h; sourceTree = "<group>"; };
		9F4A267A223BD8D5005CB63A /* cmac.h */ = {isa = PBXFileReference; fileEncoding = 4; lastKnownFileType = sourcecode.c.h; name = cmac.h; path = ios/include/openssl/cmac.h; sourceTree = "<group>"; };
		9F4A267B223BD8D5005CB63A /* cms.h */ = {isa = PBXFileReference; fileEncoding = 4; lastKnownFileType = sourcecode.c.h; name = cms.h; path = ios/include/openssl/cms.h; sourceTree = "<group>"; };
		9F4A267C223BD8D5005CB63A /* md4.h */ = {isa = PBXFileReference; fileEncoding = 4; lastKnownFileType = sourcecode.c.h; name = md4.h; path = ios/include/openssl/md4.h; sourceTree = "<group>"; };
		9F4A267D223BD8D5005CB63A /* conf.h */ = {isa = PBXFileReference; fileEncoding = 4; lastKnownFileType = sourcecode.c.h; name = conf.h; path = ios/include/openssl/conf.h; sourceTree = "<group>"; };
		9F4A267E223BD8D5005CB63A /* seed.h */ = {isa = PBXFileReference; fileEncoding = 4; lastKnownFileType = sourcecode.c.h; name = seed.h; path = ios/include/openssl/seed.h; sourceTree = "<group>"; };
		9F4A267F223BD8D6005CB63A /* srp.h */ = {isa = PBXFileReference; fileEncoding = 4; lastKnownFileType = sourcecode.c.h; name = srp.h; path = ios/include/openssl/srp.h; sourceTree = "<group>"; };
		9F4A2680223BD8D6005CB63A /* dso.h */ = {isa = PBXFileReference; fileEncoding = 4; lastKnownFileType = sourcecode.c.h; name = dso.h; path = ios/include/openssl/dso.h; sourceTree = "<group>"; };
		9F4A2681223BD8D6005CB63A /* asn1_mac.h */ = {isa = PBXFileReference; fileEncoding = 4; lastKnownFileType = sourcecode.c.h; name = asn1_mac.h; path = ios/include/openssl/asn1_mac.h; sourceTree = "<group>"; };
		9F4A2682223BD8D6005CB63A /* comp.h */ = {isa = PBXFileReference; fileEncoding = 4; lastKnownFileType = sourcecode.c.h; name = comp.h; path = ios/include/openssl/comp.h; sourceTree = "<group>"; };
		9F4A2683223BD8D6005CB63A /* ossl_typ.h */ = {isa = PBXFileReference; fileEncoding = 4; lastKnownFileType = sourcecode.c.h; name = ossl_typ.h; path = ios/include/openssl/ossl_typ.h; sourceTree = "<group>"; };
		9F4A2684223BD8D6005CB63A /* ripemd.h */ = {isa = PBXFileReference; fileEncoding = 4; lastKnownFileType = sourcecode.c.h; name = ripemd.h; path = ios/include/openssl/ripemd.h; sourceTree = "<group>"; };
		9F4A2685223BD8D6005CB63A /* pkcs7.h */ = {isa = PBXFileReference; fileEncoding = 4; lastKnownFileType = sourcecode.c.h; name = pkcs7.h; path = ios/include/openssl/pkcs7.h; sourceTree = "<group>"; };
		9F4A2686223BD8D6005CB63A /* ts.h */ = {isa = PBXFileReference; fileEncoding = 4; lastKnownFileType = sourcecode.c.h; name = ts.h; path = ios/include/openssl/ts.h; sourceTree = "<group>"; };
		9F4A2687223BD8D6005CB63A /* idea.h */ = {isa = PBXFileReference; fileEncoding = 4; lastKnownFileType = sourcecode.c.h; name = idea.h; path = ios/include/openssl/idea.h; sourceTree = "<group>"; };
		9F4A2688223BD8D6005CB63A /* sha.h */ = {isa = PBXFileReference; fileEncoding = 4; lastKnownFileType = sourcecode.c.h; name = sha.h; path = ios/include/openssl/sha.h; sourceTree = "<group>"; };
		9F4A2689223BD8D6005CB63A /* txt_db.h */ = {isa = PBXFileReference; fileEncoding = 4; lastKnownFileType = sourcecode.c.h; name = txt_db.h; path = ios/include/openssl/txt_db.h; sourceTree = "<group>"; };
		9F4A268A223BD8D6005CB63A /* x509_vfy.h */ = {isa = PBXFileReference; fileEncoding = 4; lastKnownFileType = sourcecode.c.h; name = x509_vfy.h; path = ios/include/openssl/x509_vfy.h; sourceTree = "<group>"; };
		9F4A268B223BD8D7005CB63A /* des_old.h */ = {isa = PBXFileReference; fileEncoding = 4; lastKnownFileType = sourcecode.c.h; name = des_old.h; path = ios/include/openssl/des_old.h; sourceTree = "<group>"; };
		9F4A268C223BD8D7005CB63A /* objects.h */ = {isa = PBXFileReference; fileEncoding = 4; lastKnownFileType = sourcecode.c.h; name = objects.h; path = ios/include/openssl/objects.h; sourceTree = "<group>"; };
		9F4A268D223BD8D7005CB63A /* conf_api.h */ = {isa = PBXFileReference; fileEncoding = 4; lastKnownFileType = sourcecode.c.h; name = conf_api.h; path = ios/include/openssl/conf_api.h; sourceTree = "<group>"; };
		9F4A268E223BD8D7005CB63A /* camellia.h */ = {isa = PBXFileReference; fileEncoding = 4; lastKnownFileType = sourcecode.c.h; name = camellia.h; path = ios/include/openssl/camellia.h; sourceTree = "<group>"; };
		9F4A268F223BD8D7005CB63A /* dsa.h */ = {isa = PBXFileReference; fileEncoding = 4; lastKnownFileType = sourcecode.c.h; name = dsa.h; path = ios/include/openssl/dsa.h; sourceTree = "<group>"; };
		9F4A2690223BD8D7005CB63A /* evp.h */ = {isa = PBXFileReference; fileEncoding = 4; lastKnownFileType = sourcecode.c.h; name = evp.h; path = ios/include/openssl/evp.h; sourceTree = "<group>"; };
		9F4A2691223BD8D7005CB63A /* ecdh.h */ = {isa = PBXFileReference; fileEncoding = 4; lastKnownFileType = sourcecode.c.h; name = ecdh.h; path = ios/include/openssl/ecdh.h; sourceTree = "<group>"; };
		9F4A2692223BD8D7005CB63A /* engine.h */ = {isa = PBXFileReference; fileEncoding = 4; lastKnownFileType = sourcecode.c.h; name = engine.h; path = ios/include/openssl/engine.h; sourceTree = "<group>"; };
		9F4A2693223BD8D7005CB63A /* asn1.h */ = {isa = PBXFileReference; fileEncoding = 4; lastKnownFileType = sourcecode.c.h; name = asn1.h; path = ios/include/openssl/asn1.h; sourceTree = "<group>"; };
		9F4A2694223BD8D7005CB63A /* dtls1.h */ = {isa = PBXFileReference; fileEncoding = 4; lastKnownFileType = sourcecode.c.h; name = dtls1.h; path = ios/include/openssl/dtls1.h; sourceTree = "<group>"; };
		9F4A2695223BD8D7005CB63A /* pqueue.h */ = {isa = PBXFileReference; fileEncoding = 4; lastKnownFileType = sourcecode.c.h; name = pqueue.h; path = ios/include/openssl/pqueue.h; sourceTree = "<group>"; };
		9F4A2696223BD8D8005CB63A /* rsa.h */ = {isa = PBXFileReference; fileEncoding = 4; lastKnownFileType = sourcecode.c.h; name = rsa.h; path = ios/include/openssl/rsa.h; sourceTree = "<group>"; };
		9F4A2697223BD8D8005CB63A /* ssl3.h */ = {isa = PBXFileReference; fileEncoding = 4; lastKnownFileType = sourcecode.c.h; name = ssl3.h; path = ios/include/openssl/ssl3.h; sourceTree = "<group>"; };
		9F4A2698223BD8D8005CB63A /* tls1.h */ = {isa = PBXFileReference; fileEncoding = 4; lastKnownFileType = sourcecode.c.h; name = tls1.h; path = ios/include/openssl/tls1.h; sourceTree = "<group>"; };
		9F4A2699223BD8D8005CB63A /* rand.h */ = {isa = PBXFileReference; fileEncoding = 4; lastKnownFileType = sourcecode.c.h; name = rand.h; path = ios/include/openssl/rand.h; sourceTree = "<group>"; };
		9F4A269A223BD8D8005CB63A /* ui_compat.h */ = {isa = PBXFileReference; fileEncoding = 4; lastKnownFileType = sourcecode.c.h; name = ui_compat.h; path = ios/include/openssl/ui_compat.h; sourceTree = "<group>"; };
		9F4A269B223BD8D8005CB63A /* x509.h */ = {isa = PBXFileReference; fileEncoding = 4; lastKnownFileType = sourcecode.c.h; name = x509.h; path = ios/include/openssl/x509.h; sourceTree = "<group>"; };
		9F4A269C223BD8D8005CB63A /* opensslv.h */ = {isa = PBXFileReference; fileEncoding = 4; lastKnownFileType = sourcecode.c.h; name = opensslv.h; path = ios/include/openssl/opensslv.h; sourceTree = "<group>"; };
		9F4A269D223BD8D8005CB63A /* modes.h */ = {isa = PBXFileReference; fileEncoding = 4; lastKnownFileType = sourcecode.c.h; name = modes.h; path = ios/include/openssl/modes.h; sourceTree = "<group>"; };
		9F4A269E223BD8D8005CB63A /* opensslconf.h */ = {isa = PBXFileReference; fileEncoding = 4; lastKnownFileType = sourcecode.c.h; name = opensslconf.h; path = ios/include/openssl/opensslconf.h; sourceTree = "<group>"; };
		9F4A269F223BD8D8005CB63A /* symhacks.h */ = {isa = PBXFileReference; fileEncoding = 4; lastKnownFileType = sourcecode.c.h; name = symhacks.h; path = ios/include/openssl/symhacks.h; sourceTree = "<group>"; };
		9F4A26A0223BD8D8005CB63A /* rc2.h */ = {isa = PBXFileReference; fileEncoding = 4; lastKnownFileType = sourcecode.c.h; name = rc2.h; path = ios/include/openssl/rc2.h; sourceTree = "<group>"; };
		9F4A26A1223BD8D9005CB63A /* hmac.h */ = {isa = PBXFileReference; fileEncoding = 4; lastKnownFileType = sourcecode.c.h; name = hmac.h; path = ios/include/openssl/hmac.h; sourceTree = "<group>"; };
		9F4A26A2223BD8D9005CB63A /* pem2.h */ = {isa = PBXFileReference; fileEncoding = 4; lastKnownFileType = sourcecode.c.h; name = pem2.h; path = ios/include/openssl/pem2.h; sourceTree = "<group>"; };
		9F4A26A3223BD8D9005CB63A /* cast.h */ = {isa = PBXFileReference; fileEncoding = 4; lastKnownFileType = sourcecode.c.h; name = cast.h; path = ios/include/openssl/cast.h; sourceTree = "<group>"; };
		9F4A26A4223BD8D9005CB63A /* ec.h */ = {isa = PBXFileReference; fileEncoding = 4; lastKnownFileType = sourcecode.c.h; name = ec.h; path = ios/include/openssl/ec.h; sourceTree = "<group>"; };
		9F4A26A5223BD8D9005CB63A /* rc4.h */ = {isa = PBXFileReference; fileEncoding = 4; lastKnownFileType = sourcecode.c.h; name = rc4.h; path = ios/include/openssl/rc4.h; sourceTree = "<group>"; };
		9F4A26A6223BD8D9005CB63A /* obj_mac.h */ = {isa = PBXFileReference; fileEncoding = 4; lastKnownFileType = sourcecode.c.h; name = obj_mac.h; path = ios/include/openssl/obj_mac.h; sourceTree = "<group>"; };
		9F4A26A7223BD8D9005CB63A /* ssl23.h */ = {isa = PBXFileReference; fileEncoding = 4; lastKnownFileType = sourcecode.c.h; name = ssl23.h; path = ios/include/openssl/ssl23.h; sourceTree = "<group>"; };
		9F4A26A8223BD8D9005CB63A /* srtp.h */ = {isa = PBXFileReference; fileEncoding = 4; lastKnownFileType = sourcecode.c.h; name = srtp.h; path = ios/include/openssl/srtp.h; sourceTree = "<group>"; };
		9F4A26A9223BD8D9005CB63A /* pem.h */ = {isa = PBXFileReference; fileEncoding = 4; lastKnownFileType = sourcecode.c.h; name = pem.h; path = ios/include/openssl/pem.h; sourceTree = "<group>"; };
		9F4A26AA223BD8D9005CB63A /* crypto.h */ = {isa = PBXFileReference; fileEncoding = 4; lastKnownFileType = sourcecode.c.h; name = crypto.h; path = ios/include/openssl/crypto.h; sourceTree = "<group>"; };
		9F4A26AB223BD8DA005CB63A /* whrlpool.h */ = {isa = PBXFileReference; fileEncoding = 4; lastKnownFileType = sourcecode.c.h; name = whrlpool.h; path = ios/include/openssl/whrlpool.h; sourceTree = "<group>"; };
		9F4A26AC223BD8DA005CB63A /* x509v3.h */ = {isa = PBXFileReference; fileEncoding = 4; lastKnownFileType = sourcecode.c.h; name = x509v3.h; path = ios/include/openssl/x509v3.h; sourceTree = "<group>"; };
		9F4A26AD223BD8DA005CB63A /* asn1t.h */ = {isa = PBXFileReference; fileEncoding = 4; lastKnownFileType = sourcecode.c.h; name = asn1t.h; path = ios/include/openssl/asn1t.h; sourceTree = "<group>"; };
		9F4A26AE223BD8DA005CB63A /* err.h */ = {isa = PBXFileReference; fileEncoding = 4; lastKnownFileType = sourcecode.c.h; name = err.h; path = ios/include/openssl/err.h; sourceTree = "<group>"; };
		9F4A26AF223BD8DA005CB63A /* e_os2.h */ = {isa = PBXFileReference; fileEncoding = 4; lastKnownFileType = sourcecode.c.h; name = e_os2.h; path = ios/include/openssl/e_os2.h; sourceTree = "<group>"; };
		9F4A26B0223BD8DA005CB63A /* safestack.h */ = {isa = PBXFileReference; fileEncoding = 4; lastKnownFileType = sourcecode.c.h; name = safestack.h; path = ios/include/openssl/safestack.h; sourceTree = "<group>"; };
		9F4A26B1223BD8DA005CB63A /* buffer.h */ = {isa = PBXFileReference; fileEncoding = 4; lastKnownFileType = sourcecode.c.h; name = buffer.h; path = ios/include/openssl/buffer.h; sourceTree = "<group>"; };
		9F4A26B2223BD8DA005CB63A /* pkcs12.h */ = {isa = PBXFileReference; fileEncoding = 4; lastKnownFileType = sourcecode.c.h; name = pkcs12.h; path = ios/include/openssl/pkcs12.h; sourceTree = "<group>"; };
		9F4A26B3223BD8DA005CB63A /* des.h */ = {isa = PBXFileReference; fileEncoding = 4; lastKnownFileType = sourcecode.c.h; name = des.h; path = ios/include/openssl/des.h; sourceTree = "<group>"; };
		9F4A26B4223BD8DA005CB63A /* ecdsa.h */ = {isa = PBXFileReference; fileEncoding = 4; lastKnownFileType = sourcecode.c.h; name = ecdsa.h; path = ios/include/openssl/ecdsa.h; sourceTree = "<group>"; };
		9F4A26B5223BD8DA005CB63A /* kssl.h */ = {isa = PBXFileReference; fileEncoding = 4; lastKnownFileType = sourcecode.c.h; name = kssl.h; path = ios/include/openssl/kssl.h; sourceTree = "<group>"; };
		9F4A26B6223BD8DB005CB63A /* ebcdic.h */ = {isa = PBXFileReference; fileEncoding = 4; lastKnownFileType = sourcecode.c.h; name = ebcdic.h; path = ios/include/openssl/ebcdic.h; sourceTree = "<group>"; };
		9F4A26B7223BD8DB005CB63A /* bn.h */ = {isa = PBXFileReference; fileEncoding = 4; lastKnownFileType = sourcecode.c.h; name = bn.h; path = ios/include/openssl/bn.h; sourceTree = "<group>"; };
		9F4A26B8223BD8DB005CB63A /* krb5_asn.h */ = {isa = PBXFileReference; fileEncoding = 4; lastKnownFileType = sourcecode.c.h; name = krb5_asn.h; path = ios/include/openssl/krb5_asn.h; sourceTree = "<group>"; };
		9F4A2705223BD900005CB63A /* libssl.a */ = {isa = PBXFileReference; lastKnownFileType = archive.ar; name = libssl.a; path = ios/lib/libssl.a; sourceTree = "<group>"; };
		9F4A2706223BD900005CB63A /* libcrypto.a */ = {isa = PBXFileReference; lastKnownFileType = archive.ar; name = libcrypto.a; path = ios/lib/libcrypto.a; sourceTree = "<group>"; };
		9F4A270A223BD99D005CB63A /* Info.plist */ = {isa = PBXFileReference; fileEncoding = 4; lastKnownFileType = text.plist.xml; name = Info.plist; path = Frameworks/ios/Info.plist; sourceTree = "<group>"; };
		9F4A270D223BD9EB005CB63A /* OpenSSL.h */ = {isa = PBXFileReference; fileEncoding = 4; lastKnownFileType = sourcecode.c.h; name = OpenSSL.h; path = Frameworks/ios/OpenSSL.h; sourceTree = "<group>"; };
		9F4A2716223BE476005CB63A /* OpenSSL.framework */ = {isa = PBXFileReference; explicitFileType = wrapper.framework; includeInIndex = 0; path = OpenSSL.framework; sourceTree = BUILT_PRODUCTS_DIR; };
		9F4A271F223BE4E6005CB63A /* OpenSSL.h */ = {isa = PBXFileReference; fileEncoding = 4; lastKnownFileType = sourcecode.c.h; name = OpenSSL.h; path = Frameworks/macos/OpenSSL.h; sourceTree = "<group>"; };
		9F4A2720223BE4E7005CB63A /* Info.plist */ = {isa = PBXFileReference; fileEncoding = 4; lastKnownFileType = text.plist.xml; name = Info.plist; path = Frameworks/macos/Info.plist; sourceTree = "<group>"; };
		9F4A2726223BE554005CB63A /* seed.h */ = {isa = PBXFileReference; fileEncoding = 4; lastKnownFileType = sourcecode.c.h; name = seed.h; path = macos/include/openssl/seed.h; sourceTree = "<group>"; };
		9F4A2727223BE554005CB63A /* dtls1.h */ = {isa = PBXFileReference; fileEncoding = 4; lastKnownFileType = sourcecode.c.h; name = dtls1.h; path = macos/include/openssl/dtls1.h; sourceTree = "<group>"; };
		9F4A2728223BE554005CB63A /* tls1.h */ = {isa = PBXFileReference; fileEncoding = 4; lastKnownFileType = sourcecode.c.h; name = tls1.h; path = macos/include/openssl/tls1.h; sourceTree = "<group>"; };
		9F4A2729223BE554005CB63A /* buffer.h */ = {isa = PBXFileReference; fileEncoding = 4; lastKnownFileType = sourcecode.c.h; name = buffer.h; path = macos/include/openssl/buffer.h; sourceTree = "<group>"; };
		9F4A272A223BE554005CB63A /* conf.h */ = {isa = PBXFileReference; fileEncoding = 4; lastKnownFileType = sourcecode.c.h; name = conf.h; path = macos/include/openssl/conf.h; sourceTree = "<group>"; };
		9F4A272B223BE554005CB63A /* x509.h */ = {isa = PBXFileReference; fileEncoding = 4; lastKnownFileType = sourcecode.c.h; name = x509.h; path = macos/include/openssl/x509.h; sourceTree = "<group>"; };
		9F4A272C223BE554005CB63A /* blowfish.h */ = {isa = PBXFileReference; fileEncoding = 4; lastKnownFileType = sourcecode.c.h; name = blowfish.h; path = macos/include/openssl/blowfish.h; sourceTree = "<group>"; };
		9F4A272D223BE555005CB63A /* ssl3.h */ = {isa = PBXFileReference; fileEncoding = 4; lastKnownFileType = sourcecode.c.h; name = ssl3.h; path = macos/include/openssl/ssl3.h; sourceTree = "<group>"; };
		9F4A272E223BE555005CB63A /* pqueue.h */ = {isa = PBXFileReference; fileEncoding = 4; lastKnownFileType = sourcecode.c.h; name = pqueue.h; path = macos/include/openssl/pqueue.h; sourceTree = "<group>"; };
		9F4A272F223BE555005CB63A /* pkcs7.h */ = {isa = PBXFileReference; fileEncoding = 4; lastKnownFileType = sourcecode.c.h; name = pkcs7.h; path = macos/include/openssl/pkcs7.h; sourceTree = "<group>"; };
		9F4A2730223BE555005CB63A /* txt_db.h */ = {isa = PBXFileReference; fileEncoding = 4; lastKnownFileType = sourcecode.c.h; name = txt_db.h; path = macos/include/openssl/txt_db.h; sourceTree = "<group>"; };
		9F4A2731223BE555005CB63A /* rsa.h */ = {isa = PBXFileReference; fileEncoding = 4; lastKnownFileType = sourcecode.c.h; name = rsa.h; path = macos/include/openssl/rsa.h; sourceTree = "<group>"; };
		9F4A2732223BE555005CB63A /* srtp.h */ = {isa = PBXFileReference; fileEncoding = 4; lastKnownFileType = sourcecode.c.h; name = srtp.h; path = macos/include/openssl/srtp.h; sourceTree = "<group>"; };
		9F4A2733223BE555005CB63A /* e_os2.h */ = {isa = PBXFileReference; fileEncoding = 4; lastKnownFileType = sourcecode.c.h; name = e_os2.h; path = macos/include/openssl/e_os2.h; sourceTree = "<group>"; };
		9F4A2734223BE555005CB63A /* safestack.h */ = {isa = PBXFileReference; fileEncoding = 4; lastKnownFileType = sourcecode.c.h; name = safestack.h; path = macos/include/openssl/safestack.h; sourceTree = "<group>"; };
		9F4A2735223BE555005CB63A /* obj_mac.h */ = {isa = PBXFileReference; fileEncoding = 4; lastKnownFileType = sourcecode.c.h; name = obj_mac.h; path = macos/include/openssl/obj_mac.h; sourceTree = "<group>"; };
		9F4A2736223BE555005CB63A /* opensslconf.h */ = {isa = PBXFileReference; fileEncoding = 4; lastKnownFileType = sourcecode.c.h; name = opensslconf.h; path = macos/include/openssl/opensslconf.h; sourceTree = "<group>"; };
		9F4A2737223BE555005CB63A /* ebcdic.h */ = {isa = PBXFileReference; fileEncoding = 4; lastKnownFileType = sourcecode.c.h; name = ebcdic.h; path = macos/include/openssl/ebcdic.h; sourceTree = "<group>"; };
		9F4A2738223BE555005CB63A /* ssl.h */ = {isa = PBXFileReference; fileEncoding = 4; lastKnownFileType = sourcecode.c.h; name = ssl.h; path = macos/include/openssl/ssl.h; sourceTree = "<group>"; };
		9F4A2739223BE555005CB63A /* lhash.h */ = {isa = PBXFileReference; fileEncoding = 4; lastKnownFileType = sourcecode.c.h; name = lhash.h; path = macos/include/openssl/lhash.h; sourceTree = "<group>"; };
		9F4A273A223BE555005CB63A /* mdc2.h */ = {isa = PBXFileReference; fileEncoding = 4; lastKnownFileType = sourcecode.c.h; name = mdc2.h; path = macos/include/openssl/mdc2.h; sourceTree = "<group>"; };
		9F4A273B223BE556005CB63A /* symhacks.h */ = {isa = PBXFileReference; fileEncoding = 4; lastKnownFileType = sourcecode.c.h; name = symhacks.h; path = macos/include/openssl/symhacks.h; sourceTree = "<group>"; };
		9F4A273C223BE556005CB63A /* whrlpool.h */ = {isa = PBXFileReference; fileEncoding = 4; lastKnownFileType = sourcecode.c.h; name = whrlpool.h; path = macos/include/openssl/whrlpool.h; sourceTree = "<group>"; };
		9F4A273D223BE556005CB63A /* dsa.h */ = {isa = PBXFileReference; fileEncoding = 4; lastKnownFileType = sourcecode.c.h; name = dsa.h; path = macos/include/openssl/dsa.h; sourceTree = "<group>"; };
		9F4A273E223BE556005CB63A /* cms.h */ = {isa = PBXFileReference; fileEncoding = 4; lastKnownFileType = sourcecode.c.h; name = cms.h; path = macos/include/openssl/cms.h; sourceTree = "<group>"; };
		9F4A273F223BE556005CB63A /* des.h */ = {isa = PBXFileReference; fileEncoding = 4; lastKnownFileType = sourcecode.c.h; name = des.h; path = macos/include/openssl/des.h; sourceTree = "<group>"; };
		9F4A2740223BE556005CB63A /* hmac.h */ = {isa = PBXFileReference; fileEncoding = 4; lastKnownFileType = sourcecode.c.h; name = hmac.h; path = macos/include/openssl/hmac.h; sourceTree = "<group>"; };
		9F4A2741223BE556005CB63A /* ripemd.h */ = {isa = PBXFileReference; fileEncoding = 4; lastKnownFileType = sourcecode.c.h; name = ripemd.h; path = macos/include/openssl/ripemd.h; sourceTree = "<group>"; };
		9F4A2742223BE556005CB63A /* rc4.h */ = {isa = PBXFileReference; fileEncoding = 4; lastKnownFileType = sourcecode.c.h; name = rc4.h; path = macos/include/openssl/rc4.h; sourceTree = "<group>"; };
		9F4A2743223BE556005CB63A /* ui.h */ = {isa = PBXFileReference; fileEncoding = 4; lastKnownFileType = sourcecode.c.h; name = ui.h; path = macos/include/openssl/ui.h; sourceTree = "<group>"; };
		9F4A2744223BE556005CB63A /* ocsp.h */ = {isa = PBXFileReference; fileEncoding = 4; lastKnownFileType = sourcecode.c.h; name = ocsp.h; path = macos/include/openssl/ocsp.h; sourceTree = "<group>"; };
		9F4A2745223BE556005CB63A /* rc2.h */ = {isa = PBXFileReference; fileEncoding = 4; lastKnownFileType = sourcecode.c.h; name = rc2.h; path = macos/include/openssl/rc2.h; sourceTree = "<group>"; };
		9F4A2746223BE557005CB63A /* x509_vfy.h */ = {isa = PBXFileReference; fileEncoding = 4; lastKnownFileType = sourcecode.c.h; name = x509_vfy.h; path = macos/include/openssl/x509_vfy.h; sourceTree = "<group>"; };
		9F4A2747223BE557005CB63A /* ui_compat.h */ = {isa = PBXFileReference; fileEncoding = 4; lastKnownFileType = sourcecode.c.h; name = ui_compat.h; path = macos/include/openssl/ui_compat.h; sourceTree = "<group>"; };
		9F4A2748223BE557005CB63A /* evp.h */ = {isa = PBXFileReference; fileEncoding = 4; lastKnownFileType = sourcecode.c.h; name = evp.h; path = macos/include/openssl/evp.h; sourceTree = "<group>"; };
		9F4A2749223BE557005CB63A /* cmac.h */ = {isa = PBXFileReference; fileEncoding = 4; lastKnownFileType = sourcecode.c.h; name = cmac.h; path = macos/include/openssl/cmac.h; sourceTree = "<group>"; };
		9F4A274A223BE557005CB63A /* crypto.h */ = {isa = PBXFileReference; fileEncoding = 4; lastKnownFileType = sourcecode.c.h; name = crypto.h; path = macos/include/openssl/crypto.h; sourceTree = "<group>"; };
		9F4A274B223BE557005CB63A /* pem2.h */ = {isa = PBXFileReference; fileEncoding = 4; lastKnownFileType = sourcecode.c.h; name = pem2.h; path = macos/include/openssl/pem2.h; sourceTree = "<group>"; };
		9F4A274C223BE557005CB63A /* kssl.h */ = {isa = PBXFileReference; fileEncoding = 4; lastKnownFileType = sourcecode.c.h; name = kssl.h; path = macos/include/openssl/kssl.h; sourceTree = "<group>"; };
		9F4A274D223BE557005CB63A /* ssl23.h */ = {isa = PBXFileReference; fileEncoding = 4; lastKnownFileType = sourcecode.c.h; name = ssl23.h; path = macos/include/openssl/ssl23.h; sourceTree = "<group>"; };
		9F4A274E223BE557005CB63A /* camellia.h */ = {isa = PBXFileReference; fileEncoding = 4; lastKnownFileType = sourcecode.c.h; name = camellia.h; path = macos/include/openssl/camellia.h; sourceTree = "<group>"; };
		9F4A274F223BE557005CB63A /* asn1t.h */ = {isa = PBXFileReference; fileEncoding = 4; lastKnownFileType = sourcecode.c.h; name = asn1t.h; path = macos/include/openssl/asn1t.h; sourceTree = "<group>"; };
		9F4A2750223BE557005CB63A /* err.h */ = {isa = PBXFileReference; fileEncoding = 4; lastKnownFileType = sourcecode.c.h; name = err.h; path = macos/include/openssl/err.h; sourceTree = "<group>"; };
		9F4A2751223BE557005CB63A /* krb5_asn.h */ = {isa = PBXFileReference; fileEncoding = 4; lastKnownFileType = sourcecode.c.h; name = krb5_asn.h; path = macos/include/openssl/krb5_asn.h; sourceTree = "<group>"; };
		9F4A2752223BE558005CB63A /* dso.h */ = {isa = PBXFileReference; fileEncoding = 4; lastKnownFileType = sourcecode.c.h; name = dso.h; path = macos/include/openssl/dso.h; sourceTree = "<group>"; };
		9F4A2753223BE558005CB63A /* md5.h */ = {isa = PBXFileReference; fileEncoding = 4; lastKnownFileType = sourcecode.c.h; name = md5.h; path = macos/include/openssl/md5.h; sourceTree = "<group>"; };
		9F4A2754223BE558005CB63A /* srp.h */ = {isa = PBXFileReference; fileEncoding = 4; lastKnownFileType = sourcecode.c.h; name = srp.h; path = macos/include/openssl/srp.h; sourceTree = "<group>"; };
		9F4A2755223BE558005CB63A /* dh.h */ = {isa = PBXFileReference; fileEncoding = 4; lastKnownFileType = sourcecode.c.h; name = dh.h; path = macos/include/openssl/dh.h; sourceTree = "<group>"; };
		9F4A2756223BE558005CB63A /* md4.h */ = {isa = PBXFileReference; fileEncoding = 4; lastKnownFileType = sourcecode.c.h; name = md4.h; path = macos/include/openssl/md4.h; sourceTree = "<group>"; };
		9F4A2757223BE558005CB63A /* objects.h */ = {isa = PBXFileReference; fileEncoding = 4; lastKnownFileType = sourcecode.c.h; name = objects.h; path = macos/include/openssl/objects.h; sourceTree = "<group>"; };
		9F4A2758223BE558005CB63A /* pkcs12.h */ = {isa = PBXFileReference; fileEncoding = 4; lastKnownFileType = sourcecode.c.h; name = pkcs12.h; path = macos/include/openssl/pkcs12.h; sourceTree = "<group>"; };
		9F4A2759223BE558005CB63A /* bn.h */ = {isa = PBXFileReference; fileEncoding = 4; lastKnownFileType = sourcecode.c.h; name = bn.h; path = macos/include/openssl/bn.h; sourceTree = "<group>"; };
		9F4A275A223BE558005CB63A /* modes.h */ = {isa = PBXFileReference; fileEncoding = 4; lastKnownFileType = sourcecode.c.h; name = modes.h; path = macos/include/openssl/modes.h; sourceTree = "<group>"; };
		9F4A275B223BE558005CB63A /* asn1.h */ = {isa = PBXFileReference; fileEncoding = 4; lastKnownFileType = sourcecode.c.h; name = asn1.h; path = macos/include/openssl/asn1.h; sourceTree = "<group>"; };
		9F4A275C223BE558005CB63A /* engine.h */ = {isa = PBXFileReference; fileEncoding = 4; lastKnownFileType = sourcecode.c.h; name = engine.h; path = macos/include/openssl/engine.h; sourceTree = "<group>"; };
		9F4A275D223BE558005CB63A /* ec.h */ = {isa = PBXFileReference; fileEncoding = 4; lastKnownFileType = sourcecode.c.h; name = ec.h; path = macos/include/openssl/ec.h; sourceTree = "<group>"; };
		9F4A275E223BE559005CB63A /* conf_api.h */ = {isa = PBXFileReference; fileEncoding = 4; lastKnownFileType = sourcecode.c.h; name = conf_api.h; path = macos/include/openssl/conf_api.h; sourceTree = "<group>"; };
		9F4A275F223BE559005CB63A /* sha.h */ = {isa = PBXFileReference; fileEncoding = 4; lastKnownFileType = sourcecode.c.h; name = sha.h; path = macos/include/openssl/sha.h; sourceTree = "<group>"; };
		9F4A2760223BE559005CB63A /* pem.h */ = {isa = PBXFileReference; fileEncoding = 4; lastKnownFileType = sourcecode.c.h; name = pem.h; path = macos/include/openssl/pem.h; sourceTree = "<group>"; };
		9F4A2761223BE559005CB63A /* ssl2.h */ = {isa = PBXFileReference; fileEncoding = 4; lastKnownFileType = sourcecode.c.h; name = ssl2.h; path = macos/include/openssl/ssl2.h; sourceTree = "<group>"; };
		9F4A2762223BE559005CB63A /* cast.h */ = {isa = PBXFileReference; fileEncoding = 4; lastKnownFileType = sourcecode.c.h; name = cast.h; path = macos/include/openssl/cast.h; sourceTree = "<group>"; };
		9F4A2763223BE559005CB63A /* des_old.h */ = {isa = PBXFileReference; fileEncoding = 4; lastKnownFileType = sourcecode.c.h; name = des_old.h; path = macos/include/openssl/des_old.h; sourceTree = "<group>"; };
		9F4A2764223BE559005CB63A /* asn1_mac.h */ = {isa = PBXFileReference; fileEncoding = 4; lastKnownFileType = sourcecode.c.h; name = asn1_mac.h; path = macos/include/openssl/asn1_mac.h; sourceTree = "<group>"; };
		9F4A2765223BE559005CB63A /* rand.h */ = {isa = PBXFileReference; fileEncoding = 4; lastKnownFileType = sourcecode.c.h; name = rand.h; path = macos/include/openssl/rand.h; sourceTree = "<group>"; };
		9F4A2766223BE559005CB63A /* stack.h */ = {isa = PBXFileReference; fileEncoding = 4; lastKnownFileType = sourcecode.c.h; name = stack.h; path = macos/include/openssl/stack.h; sourceTree = "<group>"; };
		9F4A2767223BE559005CB63A /* idea.h */ = {isa = PBXFileReference; fileEncoding = 4; lastKnownFileType = sourcecode.c.h; name = idea.h; path = macos/include/openssl/idea.h; sourceTree = "<group>"; };
		9F4A2768223BE559005CB63A /* aes.h */ = {isa = PBXFileReference; fileEncoding = 4; lastKnownFileType = sourcecode.c.h; name = aes.h; path = macos/include/openssl/aes.h; sourceTree = "<group>"; };
		9F4A2769223BE559005CB63A /* ecdsa.h */ = {isa = PBXFileReference; fileEncoding = 4; lastKnownFileType = sourcecode.c.h; name = ecdsa.h; path = macos/include/openssl/ecdsa.h; sourceTree = "<group>"; };
		9F4A276A223BE55A005CB63A /* comp.h */ = {isa = PBXFileReference; fileEncoding = 4; lastKnownFileType = sourcecode.c.h; name = comp.h; path = macos/include/openssl/comp.h; sourceTree = "<group>"; };
		9F4A276B223BE55A005CB63A /* ts.h */ = {isa = PBXFileReference; fileEncoding = 4; lastKnownFileType = sourcecode.c.h; name = ts.h; path = macos/include/openssl/ts.h; sourceTree = "<group>"; };
		9F4A276C223BE55A005CB63A /* x509v3.h */ = {isa = PBXFileReference; fileEncoding = 4; lastKnownFileType = sourcecode.c.h; name = x509v3.h; path = macos/include/openssl/x509v3.h; sourceTree = "<group>"; };
		9F4A276D223BE55A005CB63A /* ossl_typ.h */ = {isa = PBXFileReference; fileEncoding = 4; lastKnownFileType = sourcecode.c.h; name = ossl_typ.h; path = macos/include/openssl/ossl_typ.h; sourceTree = "<group>"; };
		9F4A276E223BE55A005CB63A /* opensslv.h */ = {isa = PBXFileReference; fileEncoding = 4; lastKnownFileType = sourcecode.c.h; name = opensslv.h; path = macos/include/openssl/opensslv.h; sourceTree = "<group>"; };
		9F4A276F223BE55A005CB63A /* ecdh.h */ = {isa = PBXFileReference; fileEncoding = 4; lastKnownFileType = sourcecode.c.h; name = ecdh.h; path = macos/include/openssl/ecdh.h; sourceTree = "<group>"; };
		9F4A2770223BE55A005CB63A /* bio.h */ = {isa = PBXFileReference; fileEncoding = 4; lastKnownFileType = sourcecode.c.h; name = bio.h; path = macos/include/openssl/bio.h; sourceTree = "<group>"; };
		9F4A27BC223BE57C005CB63A /* libcrypto.a */ = {isa = PBXFileReference; lastKnownFileType = archive.ar; name = libcrypto.a; path = macos/lib/libcrypto.a; sourceTree = "<group>"; };
		9F4A27BD223BE57C005CB63A /* libssl.a */ = {isa = PBXFileReference; lastKnownFileType = archive.ar; name = libssl.a; path = macos/lib/libssl.a; sourceTree = "<group>"; };
/* End PBXFileReference section */

/* Begin PBXFrameworksBuildPhase section */
		9F4A2659223BD82B005CB63A /* Frameworks */ = {
			isa = PBXFrameworksBuildPhase;
			buildActionMask = 2147483647;
			files = (
				9F4A2708223BD900005CB63A /* libcrypto.a in Frameworks */,
				9F4A2707223BD900005CB63A /* libssl.a in Frameworks */,
			);
			runOnlyForDeploymentPostprocessing = 0;
		};
		9F4A2713223BE476005CB63A /* Frameworks */ = {
			isa = PBXFrameworksBuildPhase;
			buildActionMask = 2147483647;
			files = (
				9F4A27BF223BE57C005CB63A /* libssl.a in Frameworks */,
				9F4A27BE223BE57C005CB63A /* libcrypto.a in Frameworks */,
			);
			runOnlyForDeploymentPostprocessing = 0;
		};
/* End PBXFrameworksBuildPhase section */

/* Begin PBXGroup section */
		9F4A2626223BCE31005CB63A = {
			isa = PBXGroup;
			children = (
				9F4A266C223BD8BD005CB63A /* OpenSSL (iOS) */,
				9F4A271E223BE4D3005CB63A /* OpenSSL (macOS) */,
				9F4A264F223BD6C6005CB63A /* Products */,
			);
			sourceTree = "<group>";
		};
		9F4A264F223BD6C6005CB63A /* Products */ = {
			isa = PBXGroup;
			children = (
				9F4A265C223BD82B005CB63A /* OpenSSL.framework */,
				9F4A2716223BE476005CB63A /* OpenSSL.framework */,
			);
			name = Products;
			sourceTree = "<group>";
		};
		9F4A266C223BD8BD005CB63A /* OpenSSL (iOS) */ = {
			isa = PBXGroup;
			children = (
				9F4A266D223BD8C7005CB63A /* Headers */,
				9F4A2704223BD8E4005CB63A /* Libraries */,
				9F4A270A223BD99D005CB63A /* Info.plist */,
				9F4A270D223BD9EB005CB63A /* OpenSSL.h */,
			);
			name = "OpenSSL (iOS)";
			sourceTree = "<group>";
		};
		9F4A266D223BD8C7005CB63A /* Headers */ = {
			isa = PBXGroup;
			children = (
				75F1C98E22BE881200F44E23 /* shim.h */,
				9F4A266F223BD8D5005CB63A /* aes.h */,
				9F4A2681223BD8D6005CB63A /* asn1_mac.h */,
				9F4A2693223BD8D7005CB63A /* asn1.h */,
				9F4A26AD223BD8DA005CB63A /* asn1t.h */,
				9F4A2676223BD8D5005CB63A /* bio.h */,
				9F4A2670223BD8D5005CB63A /* blowfish.h */,
				9F4A26B7223BD8DB005CB63A /* bn.h */,
				9F4A26B1223BD8DA005CB63A /* buffer.h */,
				9F4A268E223BD8D7005CB63A /* camellia.h */,
				9F4A26A3223BD8D9005CB63A /* cast.h */,
				9F4A267A223BD8D5005CB63A /* cmac.h */,
				9F4A267B223BD8D5005CB63A /* cms.h */,
				9F4A2682223BD8D6005CB63A /* comp.h */,
				9F4A268D223BD8D7005CB63A /* conf_api.h */,
				9F4A267D223BD8D5005CB63A /* conf.h */,
				9F4A26AA223BD8D9005CB63A /* crypto.h */,
				9F4A268B223BD8D7005CB63A /* des_old.h */,
				9F4A26B3223BD8DA005CB63A /* des.h */,
				9F4A2674223BD8D5005CB63A /* dh.h */,
				9F4A268F223BD8D7005CB63A /* dsa.h */,
				9F4A2680223BD8D6005CB63A /* dso.h */,
				9F4A2694223BD8D7005CB63A /* dtls1.h */,
				9F4A26AF223BD8DA005CB63A /* e_os2.h */,
				9F4A26B6223BD8DB005CB63A /* ebcdic.h */,
				9F4A26A4223BD8D9005CB63A /* ec.h */,
				9F4A2691223BD8D7005CB63A /* ecdh.h */,
				9F4A26B4223BD8DA005CB63A /* ecdsa.h */,
				9F4A2692223BD8D7005CB63A /* engine.h */,
				9F4A26AE223BD8DA005CB63A /* err.h */,
				9F4A2690223BD8D7005CB63A /* evp.h */,
				9F4A26A1223BD8D9005CB63A /* hmac.h */,
				9F4A2687223BD8D6005CB63A /* idea.h */,
				9F4A26B8223BD8DB005CB63A /* krb5_asn.h */,
				9F4A26B5223BD8DA005CB63A /* kssl.h */,
				9F4A2672223BD8D5005CB63A /* lhash.h */,
				9F4A267C223BD8D5005CB63A /* md4.h */,
				9F4A2678223BD8D5005CB63A /* md5.h */,
				9F4A266E223BD8D5005CB63A /* mdc2.h */,
				9F4A269D223BD8D8005CB63A /* modes.h */,
				9F4A26A6223BD8D9005CB63A /* obj_mac.h */,
				9F4A268C223BD8D7005CB63A /* objects.h */,
				9F4A2675223BD8D5005CB63A /* ocsp.h */,
				9F4A269E223BD8D8005CB63A /* opensslconf.h */,
				757359F622BEBE2B00BC52E8 /* opensslconf-arm64.h */,
				757359F922BEBE2C00BC52E8 /* opensslconf-armv7.h */,
				757359F722BEBE2B00BC52E8 /* opensslconf-armv7s.h */,
				84BBFB572331B8D200DD11C1 /* opensslconf-i386.h */,
				757359F822BEBE2C00BC52E8 /* opensslconf-x86_64.h */,
				9F4A269C223BD8D8005CB63A /* opensslv.h */,
				9F4A2683223BD8D6005CB63A /* ossl_typ.h */,
				9F4A26A9223BD8D9005CB63A /* pem.h */,
				9F4A26A2223BD8D9005CB63A /* pem2.h */,
				9F4A2685223BD8D6005CB63A /* pkcs7.h */,
				9F4A26B2223BD8DA005CB63A /* pkcs12.h */,
				9F4A2695223BD8D7005CB63A /* pqueue.h */,
				9F4A2699223BD8D8005CB63A /* rand.h */,
				9F4A26A0223BD8D8005CB63A /* rc2.h */,
				9F4A26A5223BD8D9005CB63A /* rc4.h */,
				9F4A2684223BD8D6005CB63A /* ripemd.h */,
				9F4A2696223BD8D8005CB63A /* rsa.h */,
				9F4A26B0223BD8DA005CB63A /* safestack.h */,
				9F4A267E223BD8D5005CB63A /* seed.h */,
				9F4A2688223BD8D6005CB63A /* sha.h */,
				9F4A267F223BD8D6005CB63A /* srp.h */,
				9F4A26A8223BD8D9005CB63A /* srtp.h */,
				9F4A2677223BD8D5005CB63A /* ssl.h */,
				9F4A2679223BD8D5005CB63A /* ssl2.h */,
				9F4A2697223BD8D8005CB63A /* ssl3.h */,
				9F4A26A7223BD8D9005CB63A /* ssl23.h */,
				9F4A2671223BD8D5005CB63A /* stack.h */,
				9F4A269F223BD8D8005CB63A /* symhacks.h */,
				9F4A2698223BD8D8005CB63A /* tls1.h */,
				9F4A2686223BD8D6005CB63A /* ts.h */,
				9F4A2689223BD8D6005CB63A /* txt_db.h */,
				9F4A269A223BD8D8005CB63A /* ui_compat.h */,
				9F4A2673223BD8D5005CB63A /* ui.h */,
				9F4A26AB223BD8DA005CB63A /* whrlpool.h */,
				9F4A268A223BD8D6005CB63A /* x509_vfy.h */,
				9F4A269B223BD8D8005CB63A /* x509.h */,
				9F4A26AC223BD8DA005CB63A /* x509v3.h */,
			);
			name = Headers;
			sourceTree = "<group>";
		};
		9F4A2704223BD8E4005CB63A /* Libraries */ = {
			isa = PBXGroup;
			children = (
				9F4A2706223BD900005CB63A /* libcrypto.a */,
				9F4A2705223BD900005CB63A /* libssl.a */,
			);
			name = Libraries;
			sourceTree = "<group>";
		};
		9F4A271E223BE4D3005CB63A /* OpenSSL (macOS) */ = {
			isa = PBXGroup;
			children = (
				9F4A2725223BE53E005CB63A /* Headers */,
				9F4A2724223BE537005CB63A /* Libraries */,
				9F4A2720223BE4E7005CB63A /* Info.plist */,
				9F4A271F223BE4E6005CB63A /* OpenSSL.h */,
			);
			name = "OpenSSL (macOS)";
			sourceTree = "<group>";
		};
		9F4A2724223BE537005CB63A /* Libraries */ = {
			isa = PBXGroup;
			children = (
				9F4A27BC223BE57C005CB63A /* libcrypto.a */,
				9F4A27BD223BE57C005CB63A /* libssl.a */,
			);
			name = Libraries;
			sourceTree = "<group>";
		};
		9F4A2725223BE53E005CB63A /* Headers */ = {
			isa = PBXGroup;
			children = (
				75F1C98B22BE87E600F44E23 /* shim.h */,
				9F4A2768223BE559005CB63A /* aes.h */,
				9F4A2764223BE559005CB63A /* asn1_mac.h */,
				9F4A275B223BE558005CB63A /* asn1.h */,
				9F4A274F223BE557005CB63A /* asn1t.h */,
				9F4A2770223BE55A005CB63A /* bio.h */,
				9F4A272C223BE554005CB63A /* blowfish.h */,
				9F4A2759223BE558005CB63A /* bn.h */,
				9F4A2729223BE554005CB63A /* buffer.h */,
				9F4A274E223BE557005CB63A /* camellia.h */,
				9F4A2762223BE559005CB63A /* cast.h */,
				9F4A2749223BE557005CB63A /* cmac.h */,
				9F4A273E223BE556005CB63A /* cms.h */,
				9F4A276A223BE55A005CB63A /* comp.h */,
				9F4A275E223BE559005CB63A /* conf_api.h */,
				9F4A272A223BE554005CB63A /* conf.h */,
				9F4A274A223BE557005CB63A /* crypto.h */,
				9F4A2763223BE559005CB63A /* des_old.h */,
				9F4A273F223BE556005CB63A /* des.h */,
				9F4A2755223BE558005CB63A /* dh.h */,
				9F4A273D223BE556005CB63A /* dsa.h */,
				9F4A2752223BE558005CB63A /* dso.h */,
				9F4A2727223BE554005CB63A /* dtls1.h */,
				9F4A2733223BE555005CB63A /* e_os2.h */,
				9F4A2737223BE555005CB63A /* ebcdic.h */,
				9F4A275D223BE558005CB63A /* ec.h */,
				9F4A276F223BE55A005CB63A /* ecdh.h */,
				9F4A2769223BE559005CB63A /* ecdsa.h */,
				9F4A275C223BE558005CB63A /* engine.h */,
				9F4A2750223BE557005CB63A /* err.h */,
				9F4A2748223BE557005CB63A /* evp.h */,
				9F4A2740223BE556005CB63A /* hmac.h */,
				9F4A2767223BE559005CB63A /* idea.h */,
				9F4A2751223BE557005CB63A /* krb5_asn.h */,
				9F4A274C223BE557005CB63A /* kssl.h */,
				9F4A2739223BE555005CB63A /* lhash.h */,
				9F4A2756223BE558005CB63A /* md4.h */,
				9F4A2753223BE558005CB63A /* md5.h */,
				9F4A273A223BE555005CB63A /* mdc2.h */,
				9F4A275A223BE558005CB63A /* modes.h */,
				9F4A2735223BE555005CB63A /* obj_mac.h */,
				9F4A2757223BE558005CB63A /* objects.h */,
				9F4A2744223BE556005CB63A /* ocsp.h */,
				9F4A2736223BE555005CB63A /* opensslconf.h */,
				757359FE22BEBE5800BC52E8 /* opensslconf-x86_64.h */,
				9F4A276E223BE55A005CB63A /* opensslv.h */,
				9F4A276D223BE55A005CB63A /* ossl_typ.h */,
				9F4A2760223BE559005CB63A /* pem.h */,
				9F4A274B223BE557005CB63A /* pem2.h */,
				9F4A272F223BE555005CB63A /* pkcs7.h */,
				9F4A2758223BE558005CB63A /* pkcs12.h */,
				9F4A272E223BE555005CB63A /* pqueue.h */,
				9F4A2765223BE559005CB63A /* rand.h */,
				9F4A2745223BE556005CB63A /* rc2.h */,
				9F4A2742223BE556005CB63A /* rc4.h */,
				9F4A2741223BE556005CB63A /* ripemd.h */,
				9F4A2731223BE555005CB63A /* rsa.h */,
				9F4A2734223BE555005CB63A /* safestack.h */,
				9F4A2726223BE554005CB63A /* seed.h */,
				9F4A275F223BE559005CB63A /* sha.h */,
				9F4A2754223BE558005CB63A /* srp.h */,
				9F4A2732223BE555005CB63A /* srtp.h */,
				9F4A2738223BE555005CB63A /* ssl.h */,
				9F4A2761223BE559005CB63A /* ssl2.h */,
				9F4A272D223BE555005CB63A /* ssl3.h */,
				9F4A274D223BE557005CB63A /* ssl23.h */,
				9F4A2766223BE559005CB63A /* stack.h */,
				9F4A273B223BE556005CB63A /* symhacks.h */,
				9F4A2728223BE554005CB63A /* tls1.h */,
				9F4A276B223BE55A005CB63A /* ts.h */,
				9F4A2730223BE555005CB63A /* txt_db.h */,
				9F4A2747223BE557005CB63A /* ui_compat.h */,
				9F4A2743223BE556005CB63A /* ui.h */,
				9F4A273C223BE556005CB63A /* whrlpool.h */,
				9F4A2746223BE557005CB63A /* x509_vfy.h */,
				9F4A272B223BE554005CB63A /* x509.h */,
				9F4A276C223BE55A005CB63A /* x509v3.h */,
			);
			name = Headers;
			sourceTree = "<group>";
		};
/* End PBXGroup section */

/* Begin PBXHeadersBuildPhase section */
		9F4A2657223BD82B005CB63A /* Headers */ = {
			isa = PBXHeadersBuildPhase;
			buildActionMask = 2147483647;
			files = (
				9F4A26F9223BD8DB005CB63A /* err.h in Headers */,
				9F4A26DE223BD8DB005CB63A /* asn1.h in Headers */,
				9F4A26E8223BD8DB005CB63A /* modes.h in Headers */,
				9F4A26C7223BD8DB005CB63A /* md4.h in Headers */,
				9F4A26C4223BD8DB005CB63A /* ssl2.h in Headers */,
				9F4A26C8223BD8DB005CB63A /* conf.h in Headers */,
				9F4A26E6223BD8DB005CB63A /* x509.h in Headers */,
				9F4A26D0223BD8DB005CB63A /* pkcs7.h in Headers */,
				9F4A26C2223BD8DB005CB63A /* ssl.h in Headers */,
				9F4A26F1223BD8DB005CB63A /* obj_mac.h in Headers */,
				9F4A26C5223BD8DB005CB63A /* cmac.h in Headers */,
				9F4A26EC223BD8DB005CB63A /* hmac.h in Headers */,
				9F4A26CB223BD8DB005CB63A /* dso.h in Headers */,
				9F4A26D3223BD8DB005CB63A /* sha.h in Headers */,
				9F4A26F2223BD8DB005CB63A /* ssl23.h in Headers */,
				9F4A26ED223BD8DB005CB63A /* pem2.h in Headers */,
				757359FC22BEBE2C00BC52E8 /* opensslconf-x86_64.h in Headers */,
				9F4A26BC223BD8DB005CB63A /* stack.h in Headers */,
				9F4A26E5223BD8DB005CB63A /* ui_compat.h in Headers */,
				9F4A26D7223BD8DB005CB63A /* objects.h in Headers */,
				9F4A26BA223BD8DB005CB63A /* aes.h in Headers */,
				9F4A26CC223BD8DB005CB63A /* asn1_mac.h in Headers */,
				9F4A26FF223BD8DB005CB63A /* ecdsa.h in Headers */,
				9F4A26F6223BD8DB005CB63A /* whrlpool.h in Headers */,
				9F4A26F4223BD8DB005CB63A /* pem.h in Headers */,
				9F4A26DF223BD8DB005CB63A /* dtls1.h in Headers */,
				9F4A26DA223BD8DB005CB63A /* dsa.h in Headers */,
				9F4A26D8223BD8DB005CB63A /* conf_api.h in Headers */,
				757359FB22BEBE2C00BC52E8 /* opensslconf-armv7s.h in Headers */,
				757359FD22BEBE2C00BC52E8 /* opensslconf-armv7.h in Headers */,
				9F4A26C0223BD8DB005CB63A /* ocsp.h in Headers */,
				9F4A2700223BD8DB005CB63A /* kssl.h in Headers */,
				9F4A26C6223BD8DB005CB63A /* cms.h in Headers */,
				9F4A26F3223BD8DB005CB63A /* srtp.h in Headers */,
				9F4A26FC223BD8DB005CB63A /* buffer.h in Headers */,
				9F4A26B9223BD8DB005CB63A /* mdc2.h in Headers */,
				9F4A26FB223BD8DB005CB63A /* safestack.h in Headers */,
				9F4A26F7223BD8DB005CB63A /* x509v3.h in Headers */,
				9F4A26BD223BD8DB005CB63A /* lhash.h in Headers */,
				9F4A26FD223BD8DB005CB63A /* pkcs12.h in Headers */,
				9F4A2703223BD8DB005CB63A /* krb5_asn.h in Headers */,
				9F4A26EE223BD8DB005CB63A /* cast.h in Headers */,
				9F4A26E4223BD8DB005CB63A /* rand.h in Headers */,
				9F4A26E2223BD8DB005CB63A /* ssl3.h in Headers */,
				9F4A26DB223BD8DB005CB63A /* evp.h in Headers */,
				9F4A26CD223BD8DB005CB63A /* comp.h in Headers */,
				9F4A26E7223BD8DB005CB63A /* opensslv.h in Headers */,
				9F4A26CE223BD8DB005CB63A /* ossl_typ.h in Headers */,
				9F4A26E3223BD8DB005CB63A /* tls1.h in Headers */,
				9F4A26EB223BD8DB005CB63A /* rc2.h in Headers */,
				9F4A26CF223BD8DB005CB63A /* ripemd.h in Headers */,
				9F4A26F5223BD8DB005CB63A /* crypto.h in Headers */,
				9F4A26FE223BD8DB005CB63A /* des.h in Headers */,
				757359FA22BEBE2C00BC52E8 /* opensslconf-arm64.h in Headers */,
				9F4A26D9223BD8DB005CB63A /* camellia.h in Headers */,
				9F4A2702223BD8DB005CB63A /* bn.h in Headers */,
				9F4A26C9223BD8DB005CB63A /* seed.h in Headers */,
				9F4A26CA223BD8DB005CB63A /* srp.h in Headers */,
				9F4A26BE223BD8DB005CB63A /* ui.h in Headers */,
				9F4A26EA223BD8DB005CB63A /* symhacks.h in Headers */,
				9F4A26D2223BD8DB005CB63A /* idea.h in Headers */,
				9F4A26D5223BD8DB005CB63A /* x509_vfy.h in Headers */,
				75F1C98F22BE881300F44E23 /* shim.h in Headers */,
				9F4A26E9223BD8DB005CB63A /* opensslconf.h in Headers */,
				9F4A26BB223BD8DB005CB63A /* blowfish.h in Headers */,
				9F4A26D4223BD8DB005CB63A /* txt_db.h in Headers */,
				9F4A26DD223BD8DB005CB63A /* engine.h in Headers */,
				9F4A26E1223BD8DB005CB63A /* rsa.h in Headers */,
				9F4A26DC223BD8DB005CB63A /* ecdh.h in Headers */,
				9F4A26F0223BD8DB005CB63A /* rc4.h in Headers */,
				9F4A26BF223BD8DB005CB63A /* dh.h in Headers */,
				9F4A2701223BD8DB005CB63A /* ebcdic.h in Headers */,
				9F4A26C3223BD8DB005CB63A /* md5.h in Headers */,
				9F4A26EF223BD8DB005CB63A /* ec.h in Headers */,
				9F4A26FA223BD8DB005CB63A /* e_os2.h in Headers */,
				9F4A26F8223BD8DB005CB63A /* asn1t.h in Headers */,
				9F4A26C1223BD8DB005CB63A /* bio.h in Headers */,
				9F4A26E0223BD8DB005CB63A /* pqueue.h in Headers */,
				9F4A26D6223BD8DB005CB63A /* des_old.h in Headers */,
				9F4A270E223BD9EB005CB63A /* OpenSSL.h in Headers */,
				84BBFB582331B8D300DD11C1 /* opensslconf-i386.h in Headers */,
				9F4A26D1223BD8DB005CB63A /* ts.h in Headers */,
			);
			runOnlyForDeploymentPostprocessing = 0;
		};
		9F4A2711223BE476005CB63A /* Headers */ = {
			isa = PBXHeadersBuildPhase;
			buildActionMask = 2147483647;
			files = (
				9F4A27B0223BE55B005CB63A /* rand.h in Headers */,
				9F4A279F223BE55A005CB63A /* srp.h in Headers */,
				9F4A279B223BE55A005CB63A /* err.h in Headers */,
				9F4A27B1223BE55B005CB63A /* stack.h in Headers */,
				9F4A27AC223BE55A005CB63A /* ssl2.h in Headers */,
				9F4A279A223BE55A005CB63A /* asn1t.h in Headers */,
				9F4A2796223BE55A005CB63A /* pem2.h in Headers */,
				9F4A2790223BE55A005CB63A /* rc2.h in Headers */,
				9F4A278D223BE55A005CB63A /* rc4.h in Headers */,
				9F4A277A223BE55A005CB63A /* pkcs7.h in Headers */,
				9F4A27A2223BE55A005CB63A /* objects.h in Headers */,
				9F4A2792223BE55A005CB63A /* ui_compat.h in Headers */,
				9F4A2773223BE55A005CB63A /* tls1.h in Headers */,
				9F4A2798223BE55A005CB63A /* ssl23.h in Headers */,
				9F4A2772223BE55A005CB63A /* dtls1.h in Headers */,
				9F4A2799223BE55A005CB63A /* camellia.h in Headers */,
				9F4A2776223BE55A005CB63A /* x509.h in Headers */,
				9F4A278C223BE55A005CB63A /* ripemd.h in Headers */,
				757359FF22BEBE5800BC52E8 /* opensslconf-x86_64.h in Headers */,
				9F4A27AE223BE55B005CB63A /* des_old.h in Headers */,
				9F4A27A1223BE55A005CB63A /* md4.h in Headers */,
				9F4A279D223BE55A005CB63A /* dso.h in Headers */,
				9F4A2723223BE516005CB63A /* OpenSSL.h in Headers */,
				9F4A2774223BE55A005CB63A /* buffer.h in Headers */,
				9F4A277F223BE55A005CB63A /* safestack.h in Headers */,
				9F4A27A7223BE55A005CB63A /* engine.h in Headers */,
				9F4A27AB223BE55A005CB63A /* pem.h in Headers */,
				9F4A277C223BE55A005CB63A /* rsa.h in Headers */,
				9F4A27B2223BE55B005CB63A /* idea.h in Headers */,
				9F4A279E223BE55A005CB63A /* md5.h in Headers */,
				9F4A27A3223BE55A005CB63A /* pkcs12.h in Headers */,
				9F4A27B6223BE55B005CB63A /* ts.h in Headers */,
				9F4A2779223BE55A005CB63A /* pqueue.h in Headers */,
				9F4A2794223BE55A005CB63A /* cmac.h in Headers */,
				9F4A279C223BE55A005CB63A /* krb5_asn.h in Headers */,
				9F4A27B4223BE55B005CB63A /* ecdsa.h in Headers */,
				9F4A2784223BE55A005CB63A /* lhash.h in Headers */,
				9F4A2795223BE55A005CB63A /* crypto.h in Headers */,
				9F4A2783223BE55A005CB63A /* ssl.h in Headers */,
				9F4A2775223BE55A005CB63A /* conf.h in Headers */,
				9F4A277E223BE55A005CB63A /* e_os2.h in Headers */,
				9F4A27AF223BE55B005CB63A /* asn1_mac.h in Headers */,
				9F4A277D223BE55A005CB63A /* srtp.h in Headers */,
				9F4A27A4223BE55A005CB63A /* bn.h in Headers */,
				9F4A2793223BE55A005CB63A /* evp.h in Headers */,
				9F4A2777223BE55A005CB63A /* blowfish.h in Headers */,
				9F4A27BA223BE55B005CB63A /* ecdh.h in Headers */,
				9F4A278F223BE55A005CB63A /* ocsp.h in Headers */,
				9F4A27AD223BE55A005CB63A /* cast.h in Headers */,
				9F4A27A9223BE55A005CB63A /* conf_api.h in Headers */,
				9F4A27A8223BE55A005CB63A /* ec.h in Headers */,
				9F4A278A223BE55A005CB63A /* des.h in Headers */,
				9F4A27B9223BE55B005CB63A /* opensslv.h in Headers */,
				9F4A2797223BE55A005CB63A /* kssl.h in Headers */,
				9F4A2780223BE55A005CB63A /* obj_mac.h in Headers */,
				9F4A2782223BE55A005CB63A /* ebcdic.h in Headers */,
				9F4A27B8223BE55B005CB63A /* ossl_typ.h in Headers */,
				9F4A27A0223BE55A005CB63A /* dh.h in Headers */,
				9F4A2791223BE55A005CB63A /* x509_vfy.h in Headers */,
				75F1C98D22BE87FB00F44E23 /* shim.h in Headers */,
				9F4A2788223BE55A005CB63A /* dsa.h in Headers */,
				9F4A27B5223BE55B005CB63A /* comp.h in Headers */,
				9F4A2771223BE55A005CB63A /* seed.h in Headers */,
				9F4A27BB223BE55B005CB63A /* bio.h in Headers */,
				9F4A2785223BE55A005CB63A /* mdc2.h in Headers */,
				9F4A27A6223BE55A005CB63A /* asn1.h in Headers */,
				9F4A2778223BE55A005CB63A /* ssl3.h in Headers */,
				9F4A27B7223BE55B005CB63A /* x509v3.h in Headers */,
				9F4A278E223BE55A005CB63A /* ui.h in Headers */,
				9F4A2786223BE55A005CB63A /* symhacks.h in Headers */,
				9F4A2789223BE55A005CB63A /* cms.h in Headers */,
				9F4A277B223BE55A005CB63A /* txt_db.h in Headers */,
				9F4A278B223BE55A005CB63A /* hmac.h in Headers */,
				9F4A27A5223BE55A005CB63A /* modes.h in Headers */,
				9F4A27B3223BE55B005CB63A /* aes.h in Headers */,
				9F4A27AA223BE55A005CB63A /* sha.h in Headers */,
				9F4A2781223BE55A005CB63A /* opensslconf.h in Headers */,
				9F4A2787223BE55A005CB63A /* whrlpool.h in Headers */,
			);
			runOnlyForDeploymentPostprocessing = 0;
		};
/* End PBXHeadersBuildPhase section */

/* Begin PBXNativeTarget section */
		9F4A265B223BD82B005CB63A /* OpenSSL (iOS) */ = {
			isa = PBXNativeTarget;
			buildConfigurationList = 9F4A2661223BD82B005CB63A /* Build configuration list for PBXNativeTarget "OpenSSL (iOS)" */;
			buildPhases = (
				9F4A2657223BD82B005CB63A /* Headers */,
				9F4A270F223BDA9B005CB63A /* Sources */,
				9F4A2659223BD82B005CB63A /* Frameworks */,
				9F4A265A223BD82B005CB63A /* Resources */,
			);
			buildRules = (
			);
			dependencies = (
			);
			name = "OpenSSL (iOS)";
			productName = "OpenSSL (iOS)";
			productReference = 9F4A265C223BD82B005CB63A /* OpenSSL.framework */;
			productType = "com.apple.product-type.framework";
		};
		9F4A2715223BE476005CB63A /* OpenSSL (macOS) */ = {
			isa = PBXNativeTarget;
			buildConfigurationList = 9F4A271D223BE477005CB63A /* Build configuration list for PBXNativeTarget "OpenSSL (macOS)" */;
			buildPhases = (
				9F4A2711223BE476005CB63A /* Headers */,
				9F4A2712223BE476005CB63A /* Sources */,
				9F4A2713223BE476005CB63A /* Frameworks */,
				9F4A2714223BE476005CB63A /* Resources */,
			);
			buildRules = (
			);
			dependencies = (
			);
			name = "OpenSSL (macOS)";
			productName = OpenSSL;
			productReference = 9F4A2716223BE476005CB63A /* OpenSSL.framework */;
			productType = "com.apple.product-type.framework";
		};
/* End PBXNativeTarget section */

/* Begin PBXProject section */
		9F4A2627223BCE31005CB63A /* Project object */ = {
			isa = PBXProject;
			attributes = {
				LastUpgradeCheck = 1010;
				TargetAttributes = {
					9F4A265B223BD82B005CB63A = {
						CreatedOnToolsVersion = 10.1;
					};
					9F4A2715223BE476005CB63A = {
						CreatedOnToolsVersion = 10.1;
					};
				};
			};
			buildConfigurationList = 9F4A262A223BCE31005CB63A /* Build configuration list for PBXProject "OpenSSL" */;
			compatibilityVersion = "Xcode 9.3";
			developmentRegion = en;
			hasScannedForEncodings = 0;
			knownRegions = (
				en,
			);
			mainGroup = 9F4A2626223BCE31005CB63A;
			productRefGroup = 9F4A264F223BD6C6005CB63A /* Products */;
			projectDirPath = "";
			projectRoot = "";
			targets = (
				9F4A265B223BD82B005CB63A /* OpenSSL (iOS) */,
				9F4A2715223BE476005CB63A /* OpenSSL (macOS) */,
			);
		};
/* End PBXProject section */

/* Begin PBXResourcesBuildPhase section */
		9F4A265A223BD82B005CB63A /* Resources */ = {
			isa = PBXResourcesBuildPhase;
			buildActionMask = 2147483647;
			files = (
			);
			runOnlyForDeploymentPostprocessing = 0;
		};
		9F4A2714223BE476005CB63A /* Resources */ = {
			isa = PBXResourcesBuildPhase;
			buildActionMask = 2147483647;
			files = (
			);
			runOnlyForDeploymentPostprocessing = 0;
		};
/* End PBXResourcesBuildPhase section */

/* Begin PBXSourcesBuildPhase section */
		9F4A270F223BDA9B005CB63A /* Sources */ = {
			isa = PBXSourcesBuildPhase;
			buildActionMask = 2147483647;
			files = (
			);
			runOnlyForDeploymentPostprocessing = 0;
		};
		9F4A2712223BE476005CB63A /* Sources */ = {
			isa = PBXSourcesBuildPhase;
			buildActionMask = 2147483647;
			files = (
			);
			runOnlyForDeploymentPostprocessing = 0;
		};
/* End PBXSourcesBuildPhase section */

/* Begin XCBuildConfiguration section */
		9F4A262B223BCE31005CB63A /* Debug */ = {
			isa = XCBuildConfiguration;
			buildSettings = {
			};
			name = Debug;
		};
		9F4A262C223BCE31005CB63A /* Release */ = {
			isa = XCBuildConfiguration;
			buildSettings = {
			};
			name = Release;
		};
		9F4A2662223BD82B005CB63A /* Debug */ = {
			isa = XCBuildConfiguration;
			buildSettings = {
				ALWAYS_SEARCH_USER_PATHS = NO;
				CLANG_ANALYZER_NONNULL = YES;
				CLANG_ANALYZER_NUMBER_OBJECT_CONVERSION = YES_AGGRESSIVE;
				CLANG_CXX_LANGUAGE_STANDARD = "gnu++14";
				CLANG_CXX_LIBRARY = "libc++";
				CLANG_ENABLE_MODULES = YES;
				CLANG_ENABLE_OBJC_ARC = YES;
				CLANG_ENABLE_OBJC_WEAK = YES;
				CLANG_WARN_BLOCK_CAPTURE_AUTORELEASING = YES;
				CLANG_WARN_BOOL_CONVERSION = YES;
				CLANG_WARN_COMMA = YES;
				CLANG_WARN_CONSTANT_CONVERSION = YES;
				CLANG_WARN_DEPRECATED_OBJC_IMPLEMENTATIONS = YES;
				CLANG_WARN_DIRECT_OBJC_ISA_USAGE = YES_ERROR;
				CLANG_WARN_DOCUMENTATION_COMMENTS = YES;
				CLANG_WARN_EMPTY_BODY = YES;
				CLANG_WARN_ENUM_CONVERSION = YES;
				CLANG_WARN_INFINITE_RECURSION = YES;
				CLANG_WARN_INT_CONVERSION = YES;
				CLANG_WARN_NON_LITERAL_NULL_CONVERSION = YES;
				CLANG_WARN_OBJC_IMPLICIT_RETAIN_SELF = YES;
				CLANG_WARN_OBJC_LITERAL_CONVERSION = YES;
				CLANG_WARN_OBJC_ROOT_CLASS = YES_ERROR;
				CLANG_WARN_RANGE_LOOP_ANALYSIS = YES;
				CLANG_WARN_STRICT_PROTOTYPES = YES;
				CLANG_WARN_SUSPICIOUS_MOVE = YES;
				CLANG_WARN_UNGUARDED_AVAILABILITY = YES_AGGRESSIVE;
				CLANG_WARN_UNREACHABLE_CODE = YES;
				CLANG_WARN__DUPLICATE_METHOD_MATCH = YES;
				CODE_SIGN_IDENTITY = "iPhone Developer";
				CODE_SIGN_STYLE = Automatic;
				COPY_PHASE_STRIP = NO;
				CURRENT_PROJECT_VERSION = 1;
				DEAD_CODE_STRIPPING = NO;
				DEBUG_INFORMATION_FORMAT = dwarf;
				DEFINES_MODULE = YES;
				DEVELOPMENT_TEAM = "";
				DYLIB_COMPATIBILITY_VERSION = 1;
				DYLIB_CURRENT_VERSION = 1;
				DYLIB_INSTALL_NAME_BASE = "@rpath";
				ENABLE_BITCODE = NO;
				ENABLE_STRICT_OBJC_MSGSEND = YES;
				ENABLE_TESTABILITY = YES;
				GCC_C_LANGUAGE_STANDARD = gnu11;
				GCC_DYNAMIC_NO_PIC = NO;
				GCC_NO_COMMON_BLOCKS = YES;
				GCC_OPTIMIZATION_LEVEL = 0;
				GCC_PREPROCESSOR_DEFINITIONS = (
					"DEBUG=1",
					"$(inherited)",
				);
				GCC_WARN_64_TO_32_BIT_CONVERSION = YES;
				GCC_WARN_ABOUT_RETURN_TYPE = YES_ERROR;
				GCC_WARN_UNDECLARED_SELECTOR = YES;
				GCC_WARN_UNINITIALIZED_AUTOS = YES_AGGRESSIVE;
				GCC_WARN_UNUSED_FUNCTION = YES;
				GCC_WARN_UNUSED_VARIABLE = YES;
				INFOPLIST_FILE = Frameworks/ios/Info.plist;
				INSTALL_PATH = "$(LOCAL_LIBRARY_DIR)/Frameworks";
				IPHONEOS_DEPLOYMENT_TARGET = 8.0;
				LD_RUNPATH_SEARCH_PATHS = (
					"$(inherited)",
					"@executable_path/Frameworks",
					"@loader_path/Frameworks",
				);
				LIBRARY_SEARCH_PATHS = (
					"$(inherited)",
					"$(PROJECT_DIR)/ios/lib",
				);
				MTL_ENABLE_DEBUG_INFO = INCLUDE_SOURCE;
				MTL_FAST_MATH = YES;
				ONLY_ACTIVE_ARCH = YES;
				OTHER_LDFLAGS = (
					"-Xlinker",
					"-all_load",
				);
				PRODUCT_BUNDLE_IDENTIFIER = com.github.krzyzanowskim.OpenSSL;
				PRODUCT_NAME = OpenSSL;
				SDKROOT = iphoneos;
				SKIP_INSTALL = YES;
				SWIFT_ACTIVE_COMPILATION_CONDITIONS = DEBUG;
				SWIFT_OPTIMIZATION_LEVEL = "-Onone";
				SWIFT_VERSION = 4.2;
				TARGETED_DEVICE_FAMILY = "1,2";
				VERSIONING_SYSTEM = "apple-generic";
				VERSION_INFO_PREFIX = "";
			};
			name = Debug;
		};
		9F4A2663223BD82B005CB63A /* Release */ = {
			isa = XCBuildConfiguration;
			buildSettings = {
				ALWAYS_SEARCH_USER_PATHS = NO;
				CLANG_ANALYZER_NONNULL = YES;
				CLANG_ANALYZER_NUMBER_OBJECT_CONVERSION = YES_AGGRESSIVE;
				CLANG_CXX_LANGUAGE_STANDARD = "gnu++14";
				CLANG_CXX_LIBRARY = "libc++";
				CLANG_ENABLE_MODULES = YES;
				CLANG_ENABLE_OBJC_ARC = YES;
				CLANG_ENABLE_OBJC_WEAK = YES;
				CLANG_WARN_BLOCK_CAPTURE_AUTORELEASING = YES;
				CLANG_WARN_BOOL_CONVERSION = YES;
				CLANG_WARN_COMMA = YES;
				CLANG_WARN_CONSTANT_CONVERSION = YES;
				CLANG_WARN_DEPRECATED_OBJC_IMPLEMENTATIONS = YES;
				CLANG_WARN_DIRECT_OBJC_ISA_USAGE = YES_ERROR;
				CLANG_WARN_DOCUMENTATION_COMMENTS = YES;
				CLANG_WARN_EMPTY_BODY = YES;
				CLANG_WARN_ENUM_CONVERSION = YES;
				CLANG_WARN_INFINITE_RECURSION = YES;
				CLANG_WARN_INT_CONVERSION = YES;
				CLANG_WARN_NON_LITERAL_NULL_CONVERSION = YES;
				CLANG_WARN_OBJC_IMPLICIT_RETAIN_SELF = YES;
				CLANG_WARN_OBJC_LITERAL_CONVERSION = YES;
				CLANG_WARN_OBJC_ROOT_CLASS = YES_ERROR;
				CLANG_WARN_RANGE_LOOP_ANALYSIS = YES;
				CLANG_WARN_STRICT_PROTOTYPES = YES;
				CLANG_WARN_SUSPICIOUS_MOVE = YES;
				CLANG_WARN_UNGUARDED_AVAILABILITY = YES_AGGRESSIVE;
				CLANG_WARN_UNREACHABLE_CODE = YES;
				CLANG_WARN__DUPLICATE_METHOD_MATCH = YES;
				CODE_SIGN_IDENTITY = "iPhone Developer";
				CODE_SIGN_STYLE = Automatic;
				COPY_PHASE_STRIP = NO;
				CURRENT_PROJECT_VERSION = 1;
				DEAD_CODE_STRIPPING = NO;
				DEBUG_INFORMATION_FORMAT = "dwarf-with-dsym";
				DEFINES_MODULE = YES;
				DEVELOPMENT_TEAM = "";
				DYLIB_COMPATIBILITY_VERSION = 1;
				DYLIB_CURRENT_VERSION = 1;
				DYLIB_INSTALL_NAME_BASE = "@rpath";
				ENABLE_BITCODE = NO;
				ENABLE_NS_ASSERTIONS = NO;
				ENABLE_STRICT_OBJC_MSGSEND = YES;
				GCC_C_LANGUAGE_STANDARD = gnu11;
				GCC_NO_COMMON_BLOCKS = YES;
				GCC_WARN_64_TO_32_BIT_CONVERSION = YES;
				GCC_WARN_ABOUT_RETURN_TYPE = YES_ERROR;
				GCC_WARN_UNDECLARED_SELECTOR = YES;
				GCC_WARN_UNINITIALIZED_AUTOS = YES_AGGRESSIVE;
				GCC_WARN_UNUSED_FUNCTION = YES;
				GCC_WARN_UNUSED_VARIABLE = YES;
				INFOPLIST_FILE = Frameworks/ios/Info.plist;
				INSTALL_PATH = "$(LOCAL_LIBRARY_DIR)/Frameworks";
				IPHONEOS_DEPLOYMENT_TARGET = 8.0;
				LD_RUNPATH_SEARCH_PATHS = (
					"$(inherited)",
					"@executable_path/Frameworks",
					"@loader_path/Frameworks",
				);
				LIBRARY_SEARCH_PATHS = (
					"$(inherited)",
					"$(PROJECT_DIR)/ios/lib",
				);
				MTL_ENABLE_DEBUG_INFO = NO;
				MTL_FAST_MATH = YES;
				OTHER_LDFLAGS = (
					"-Xlinker",
					"-all_load",
				);
				PRODUCT_BUNDLE_IDENTIFIER = com.github.krzyzanowskim.OpenSSL;
				PRODUCT_NAME = OpenSSL;
				SDKROOT = iphoneos;
				SKIP_INSTALL = YES;
				SWIFT_COMPILATION_MODE = wholemodule;
				SWIFT_OPTIMIZATION_LEVEL = "-O";
				SWIFT_VERSION = 4.2;
				TARGETED_DEVICE_FAMILY = "1,2";
				VALIDATE_PRODUCT = YES;
				VERSIONING_SYSTEM = "apple-generic";
				VERSION_INFO_PREFIX = "";
			};
			name = Release;
		};
		9F4A271B223BE477005CB63A /* Debug */ = {
			isa = XCBuildConfiguration;
			buildSettings = {
				ALWAYS_SEARCH_USER_PATHS = NO;
				CLANG_ANALYZER_NONNULL = YES;
				CLANG_ANALYZER_NUMBER_OBJECT_CONVERSION = YES_AGGRESSIVE;
				CLANG_CXX_LANGUAGE_STANDARD = "gnu++14";
				CLANG_CXX_LIBRARY = "libc++";
				CLANG_ENABLE_MODULES = YES;
				CLANG_ENABLE_OBJC_ARC = YES;
				CLANG_ENABLE_OBJC_WEAK = YES;
				CLANG_WARN_BLOCK_CAPTURE_AUTORELEASING = YES;
				CLANG_WARN_BOOL_CONVERSION = YES;
				CLANG_WARN_COMMA = YES;
				CLANG_WARN_CONSTANT_CONVERSION = YES;
				CLANG_WARN_DEPRECATED_OBJC_IMPLEMENTATIONS = YES;
				CLANG_WARN_DIRECT_OBJC_ISA_USAGE = YES_ERROR;
				CLANG_WARN_DOCUMENTATION_COMMENTS = YES;
				CLANG_WARN_EMPTY_BODY = YES;
				CLANG_WARN_ENUM_CONVERSION = YES;
				CLANG_WARN_INFINITE_RECURSION = YES;
				CLANG_WARN_INT_CONVERSION = YES;
				CLANG_WARN_NON_LITERAL_NULL_CONVERSION = YES;
				CLANG_WARN_OBJC_IMPLICIT_RETAIN_SELF = YES;
				CLANG_WARN_OBJC_LITERAL_CONVERSION = YES;
				CLANG_WARN_OBJC_ROOT_CLASS = YES_ERROR;
				CLANG_WARN_RANGE_LOOP_ANALYSIS = YES;
				CLANG_WARN_STRICT_PROTOTYPES = YES;
				CLANG_WARN_SUSPICIOUS_MOVE = YES;
				CLANG_WARN_UNGUARDED_AVAILABILITY = YES_AGGRESSIVE;
				CLANG_WARN_UNREACHABLE_CODE = YES;
				CLANG_WARN__DUPLICATE_METHOD_MATCH = YES;
				CODE_SIGN_IDENTITY = "Mac Developer";
				CODE_SIGN_STYLE = Automatic;
				COMBINE_HIDPI_IMAGES = YES;
				COPY_PHASE_STRIP = NO;
				CURRENT_PROJECT_VERSION = 1;
				DEAD_CODE_STRIPPING = NO;
				DEBUG_INFORMATION_FORMAT = dwarf;
				DEFINES_MODULE = YES;
				DEVELOPMENT_TEAM = "";
				DYLIB_COMPATIBILITY_VERSION = 1;
				DYLIB_CURRENT_VERSION = 1;
				DYLIB_INSTALL_NAME_BASE = "@rpath";
				ENABLE_STRICT_OBJC_MSGSEND = YES;
				ENABLE_TESTABILITY = YES;
				FRAMEWORK_VERSION = A;
				GCC_C_LANGUAGE_STANDARD = gnu11;
				GCC_DYNAMIC_NO_PIC = NO;
				GCC_NO_COMMON_BLOCKS = YES;
				GCC_OPTIMIZATION_LEVEL = 0;
				GCC_PREPROCESSOR_DEFINITIONS = (
					"DEBUG=1",
					"$(inherited)",
				);
				GCC_WARN_64_TO_32_BIT_CONVERSION = YES;
				GCC_WARN_ABOUT_RETURN_TYPE = YES_ERROR;
				GCC_WARN_UNDECLARED_SELECTOR = YES;
				GCC_WARN_UNINITIALIZED_AUTOS = YES_AGGRESSIVE;
				GCC_WARN_UNUSED_FUNCTION = YES;
				GCC_WARN_UNUSED_VARIABLE = YES;
				INFOPLIST_FILE = "$(SRCROOT)/Frameworks/macos/Info.plist";
				INSTALL_PATH = "$(LOCAL_LIBRARY_DIR)/Frameworks";
				LD_RUNPATH_SEARCH_PATHS = (
					"$(inherited)",
					"@executable_path/../Frameworks",
					"@loader_path/Frameworks",
				);
				LIBRARY_SEARCH_PATHS = (
					"$(inherited)",
					"$(PROJECT_DIR)/macos/lib",
				);
				MACOSX_DEPLOYMENT_TARGET = 10.9;
				MTL_ENABLE_DEBUG_INFO = INCLUDE_SOURCE;
				MTL_FAST_MATH = YES;
				ONLY_ACTIVE_ARCH = YES;
				OTHER_LDFLAGS = (
					"-Xlinker",
					"-all_load",
				);
				PRODUCT_BUNDLE_IDENTIFIER = com.github.krzyzanowskim.OpenSSL;
				PRODUCT_NAME = OpenSSL;
				SDKROOT = macosx;
				SKIP_INSTALL = YES;
				SWIFT_ACTIVE_COMPILATION_CONDITIONS = DEBUG;
				SWIFT_OPTIMIZATION_LEVEL = "-Onone";
				SWIFT_VERSION = 4.2;
				VERSIONING_SYSTEM = "apple-generic";
				VERSION_INFO_PREFIX = "";
			};
			name = Debug;
		};
		9F4A271C223BE477005CB63A /* Release */ = {
			isa = XCBuildConfiguration;
			buildSettings = {
				ALWAYS_SEARCH_USER_PATHS = NO;
				CLANG_ANALYZER_NONNULL = YES;
				CLANG_ANALYZER_NUMBER_OBJECT_CONVERSION = YES_AGGRESSIVE;
				CLANG_CXX_LANGUAGE_STANDARD = "gnu++14";
				CLANG_CXX_LIBRARY = "libc++";
				CLANG_ENABLE_MODULES = YES;
				CLANG_ENABLE_OBJC_ARC = YES;
				CLANG_ENABLE_OBJC_WEAK = YES;
				CLANG_WARN_BLOCK_CAPTURE_AUTORELEASING = YES;
				CLANG_WARN_BOOL_CONVERSION = YES;
				CLANG_WARN_COMMA = YES;
				CLANG_WARN_CONSTANT_CONVERSION = YES;
				CLANG_WARN_DEPRECATED_OBJC_IMPLEMENTATIONS = YES;
				CLANG_WARN_DIRECT_OBJC_ISA_USAGE = YES_ERROR;
				CLANG_WARN_DOCUMENTATION_COMMENTS = YES;
				CLANG_WARN_EMPTY_BODY = YES;
				CLANG_WARN_ENUM_CONVERSION = YES;
				CLANG_WARN_INFINITE_RECURSION = YES;
				CLANG_WARN_INT_CONVERSION = YES;
				CLANG_WARN_NON_LITERAL_NULL_CONVERSION = YES;
				CLANG_WARN_OBJC_IMPLICIT_RETAIN_SELF = YES;
				CLANG_WARN_OBJC_LITERAL_CONVERSION = YES;
				CLANG_WARN_OBJC_ROOT_CLASS = YES_ERROR;
				CLANG_WARN_RANGE_LOOP_ANALYSIS = YES;
				CLANG_WARN_STRICT_PROTOTYPES = YES;
				CLANG_WARN_SUSPICIOUS_MOVE = YES;
				CLANG_WARN_UNGUARDED_AVAILABILITY = YES_AGGRESSIVE;
				CLANG_WARN_UNREACHABLE_CODE = YES;
				CLANG_WARN__DUPLICATE_METHOD_MATCH = YES;
				CODE_SIGN_IDENTITY = "-";
				CODE_SIGN_STYLE = Automatic;
				COMBINE_HIDPI_IMAGES = YES;
				COPY_PHASE_STRIP = NO;
				CURRENT_PROJECT_VERSION = 1;
				DEAD_CODE_STRIPPING = NO;
				DEBUG_INFORMATION_FORMAT = "dwarf-with-dsym";
				DEFINES_MODULE = YES;
				DEVELOPMENT_TEAM = "";
				DYLIB_COMPATIBILITY_VERSION = 1;
				DYLIB_CURRENT_VERSION = 1;
				DYLIB_INSTALL_NAME_BASE = "@rpath";
				ENABLE_NS_ASSERTIONS = NO;
				ENABLE_STRICT_OBJC_MSGSEND = YES;
				FRAMEWORK_VERSION = A;
				GCC_C_LANGUAGE_STANDARD = gnu11;
				GCC_NO_COMMON_BLOCKS = YES;
				GCC_WARN_64_TO_32_BIT_CONVERSION = YES;
				GCC_WARN_ABOUT_RETURN_TYPE = YES_ERROR;
				GCC_WARN_UNDECLARED_SELECTOR = YES;
				GCC_WARN_UNINITIALIZED_AUTOS = YES_AGGRESSIVE;
				GCC_WARN_UNUSED_FUNCTION = YES;
				GCC_WARN_UNUSED_VARIABLE = YES;
				INFOPLIST_FILE = "$(SRCROOT)/Frameworks/macos/Info.plist";
				INSTALL_PATH = "$(LOCAL_LIBRARY_DIR)/Frameworks";
				LD_RUNPATH_SEARCH_PATHS = (
					"$(inherited)",
					"@executable_path/../Frameworks",
					"@loader_path/Frameworks",
				);
				LIBRARY_SEARCH_PATHS = (
					"$(inherited)",
					"$(PROJECT_DIR)/macos/lib",
				);
				MACOSX_DEPLOYMENT_TARGET = 10.9;
				MTL_ENABLE_DEBUG_INFO = NO;
				MTL_FAST_MATH = YES;
				OTHER_LDFLAGS = (
					"-Xlinker",
					"-all_load",
				);
				PRODUCT_BUNDLE_IDENTIFIER = com.github.krzyzanowskim.OpenSSL;
				PRODUCT_NAME = OpenSSL;
				SDKROOT = macosx;
				SKIP_INSTALL = YES;
				SWIFT_COMPILATION_MODE = wholemodule;
				SWIFT_OPTIMIZATION_LEVEL = "-O";
				SWIFT_VERSION = 4.2;
				VERSIONING_SYSTEM = "apple-generic";
				VERSION_INFO_PREFIX = "";
			};
			name = Release;
		};
/* End XCBuildConfiguration section */

/* Begin XCConfigurationList section */
		9F4A262A223BCE31005CB63A /* Build configuration list for PBXProject "OpenSSL" */ = {
			isa = XCConfigurationList;
			buildConfigurations = (
				9F4A262B223BCE31005CB63A /* Debug */,
				9F4A262C223BCE31005CB63A /* Release */,
			);
			defaultConfigurationIsVisible = 0;
			defaultConfigurationName = Release;
		};
		9F4A2661223BD82B005CB63A /* Build configuration list for PBXNativeTarget "OpenSSL (iOS)" */ = {
			isa = XCConfigurationList;
			buildConfigurations = (
				9F4A2662223BD82B005CB63A /* Debug */,
				9F4A2663223BD82B005CB63A /* Release */,
			);
			defaultConfigurationIsVisible = 0;
			defaultConfigurationName = Release;
		};
		9F4A271D223BE477005CB63A /* Build configuration list for PBXNativeTarget "OpenSSL (macOS)" */ = {
			isa = XCConfigurationList;
			buildConfigurations = (
				9F4A271B223BE477005CB63A /* Debug */,
				9F4A271C223BE477005CB63A /* Release */,
			);
			defaultConfigurationIsVisible = 0;
			defaultConfigurationName = Release;
		};
/* End XCConfigurationList section */
	};
	rootObject = 9F4A2627223BCE31005CB63A /* Project object */;
}
